// !$*UTF8*$!
{
	archiveVersion = 1;
	classes = {
	};
	objectVersion = 42;
	objects = {

/* Begin PBXBuildFile section */
		43B8D0110DC0599F001128F3 /* GoGame.h in Headers */ = {isa = PBXBuildFile; fileRef = 011B88660033343DC0A80006 /* GoGame.h */; settings = {ATTRIBUTES = (Public, ); }; };
		43B8D0120DC0599F001128F3 /* GoGameNode.h in Headers */ = {isa = PBXBuildFile; fileRef = F6423721014BD0D101000001 /* GoGameNode.h */; };
		43B8D0130DC0599F001128F3 /* GoGameTree.h in Headers */ = {isa = PBXBuildFile; fileRef = F634A44B014D53E701000001 /* GoGameTree.h */; };
		43B8D0140DC0599F001128F3 /* GoGeometry.h in Headers */ = {isa = PBXBuildFile; fileRef = 011B88690033343DC0A80006 /* GoGeometry.h */; settings = {ATTRIBUTES = (Public, ); }; };
		43B8D0150DC0599F001128F3 /* GoMove.h in Headers */ = {isa = PBXBuildFile; fileRef = F642372D014C226101000001 /* GoMove.h */; settings = {ATTRIBUTES = (Public, ); }; };
		43B8D0160DC0599F001128F3 /* GoPoint.h in Headers */ = {isa = PBXBuildFile; fileRef = 011B886D0033343DC0A80006 /* GoPoint.h */; settings = {ATTRIBUTES = (Public, ); }; };
		43B8D0170DC0599F001128F3 /* GoPosition.h in Headers */ = {isa = PBXBuildFile; fileRef = 011B886F0033343DC0A80006 /* GoPosition.h */; settings = {ATTRIBUTES = (Public, ); }; };
		43B8D0180DC0599F001128F3 /* GoPositionPointEnumerator.h in Headers */ = {isa = PBXBuildFile; fileRef = 011B88710033343DC0A80006 /* GoPositionPointEnumerator.h */; };
		43B8D0190DC0599F001128F3 /* GoRuleSet.h in Headers */ = {isa = PBXBuildFile; fileRef = 011B88730033343DC0A80006 /* GoRuleSet.h */; settings = {ATTRIBUTES = (Public, ); }; };
		43B8D01A0DC0599F001128F3 /* GoSymbol.h in Headers */ = {isa = PBXBuildFile; fileRef = 011B88750033343DC0A80006 /* GoSymbol.h */; settings = {ATTRIBUTES = (Public, ); }; };
		43B8D01B0DC0599F001128F3 /* sgf.h in Headers */ = {isa = PBXBuildFile; fileRef = 0D8DD65500EF20067F000001 /* sgf.h */; };
		43B8D01D0DC059D4001128F3 /* GoGameDefaults.plist in Resources */ = {isa = PBXBuildFile; fileRef = 011B88680033343DC0A80006 /* GoGameDefaults.plist */; };
		43B8D01E0DC059DB001128F3 /* GoGame.m in Sources */ = {isa = PBXBuildFile; fileRef = 011B88670033343DC0A80006 /* GoGame.m */; };
		43B8D01F0DC059DB001128F3 /* GoGameNode.m in Sources */ = {isa = PBXBuildFile; fileRef = F6423722014BD0D101000001 /* GoGameNode.m */; };
		43B8D0200DC059DB001128F3 /* GoGameTree.m in Sources */ = {isa = PBXBuildFile; fileRef = F634A44C014D53E701000001 /* GoGameTree.m */; };
		43B8D0210DC059DB001128F3 /* GoGeometry.m in Sources */ = {isa = PBXBuildFile; fileRef = 011B886A0033343DC0A80006 /* GoGeometry.m */; };
		43B8D0220DC059DB001128F3 /* GoMove.m in Sources */ = {isa = PBXBuildFile; fileRef = F642372E014C226101000001 /* GoMove.m */; };
		43B8D0230DC059DB001128F3 /* GoPoint.m in Sources */ = {isa = PBXBuildFile; fileRef = 011B886E0033343DC0A80006 /* GoPoint.m */; };
		43B8D0240DC059DB001128F3 /* GoPosition.m in Sources */ = {isa = PBXBuildFile; fileRef = 011B88700033343DC0A80006 /* GoPosition.m */; };
		43B8D0250DC059DB001128F3 /* GoPositionPointEnumerator.m in Sources */ = {isa = PBXBuildFile; fileRef = 011B88720033343DC0A80006 /* GoPositionPointEnumerator.m */; };
		43B8D0260DC059DB001128F3 /* GoRuleSet.m in Sources */ = {isa = PBXBuildFile; fileRef = 011B88740033343DC0A80006 /* GoRuleSet.m */; };
		43B8D0270DC059DB001128F3 /* GoSymbol.m in Sources */ = {isa = PBXBuildFile; fileRef = 011B88760033343DC0A80006 /* GoSymbol.m */; };
		43B8D0280DC059DB001128F3 /* sgf.c in Sources */ = {isa = PBXBuildFile; fileRef = 0D8DD65400EF20067F000001 /* sgf.c */; };
		43B8D0290DC059E2001128F3 /* Foundation.framework in Frameworks */ = {isa = PBXBuildFile; fileRef = 011B888B0033358FC0A80006 /* Foundation.framework */; };
		43B8D02A0DC059E2001128F3 /* SenFoundation.framework in Frameworks */ = {isa = PBXBuildFile; fileRef = F64E01A700BC8B7201000001 /* SenFoundation.framework */; };
		43B8D0420DC05A04001128F3 /* SenFoundation.framework in CopyFiles */ = {isa = PBXBuildFile; fileRef = F64E01A700BC8B7201000001 /* SenFoundation.framework */; };
		43B8D08A0DC05BB4001128F3 /* GoGame.framework in Frameworks */ = {isa = PBXBuildFile; fileRef = 43B8D0090DC05906001128F3 /* GoGame.framework */; };
		43B8D0930DC05BF5001128F3 /* AppKit.framework in Frameworks */ = {isa = PBXBuildFile; fileRef = 2A37F4C4FDCFA73011CA2CEA /* AppKit.framework */; };
		43B8D0940DC05BF5001128F3 /* ApplicationServices.framework in Frameworks */ = {isa = PBXBuildFile; fileRef = F6E216A900BD836A01000001 /* ApplicationServices.framework */; };
		43B8D0950DC05BF5001128F3 /* Foundation.framework in Frameworks */ = {isa = PBXBuildFile; fileRef = 2A37F4C5FDCFA73011CA2CEA /* Foundation.framework */; };
		43B8D0960DC05BF5001128F3 /* SenFoundation.framework in Frameworks */ = {isa = PBXBuildFile; fileRef = F64E01A600BC8B7201000001 /* SenFoundation.framework */; };
		43B8D43C0DC05C27001128F3 /* BlackPrisonerCaption.tiff in Resources */ = {isa = PBXBuildFile; fileRef = 155CF8E100D436127F000001 /* BlackPrisonerCaption.tiff */; };
		43B8D43D0DC05C27001128F3 /* BlackStone.tiff in Resources */ = {isa = PBXBuildFile; fileRef = 155CF8D900D434037F000001 /* BlackStone.tiff */; };
		43B8D43E0DC05C27001128F3 /* BlackStones in Resources */ = {isa = PBXBuildFile; fileRef = 0115B0DA00D96A987F000001 /* BlackStones */; };
		43B8D43F0DC05C27001128F3 /* BlackTerritory.tiff in Resources */ = {isa = PBXBuildFile; fileRef = 155CF8D300D433EA7F000001 /* BlackTerritory.tiff */; };
		43B8D4400DC05C27001128F3 /* Dame.tiff in Resources */ = {isa = PBXBuildFile; fileRef = 155CF8D400D433EA7F000001 /* Dame.tiff */; };
		43B8D4410DC05C27001128F3 /* Defaults.plist in Resources */ = {isa = PBXBuildFile; fileRef = 045C3D93006DFC677F000001 /* Defaults.plist */; };
		43B8D4420DC05C27001128F3 /* Display.tiff in Resources */ = {isa = PBXBuildFile; fileRef = F656EED2016BCCC7011CF5BC /* Display.tiff */; };
		43B8D4430DC05C27001128F3 /* General.tiff in Resources */ = {isa = PBXBuildFile; fileRef = F656EED1016BCCC7011CF5BC /* General.tiff */; };
		43B8D4440DC05C27001128F3 /* gnugo in Resources */ = {isa = PBXBuildFile; fileRef = 0A0DA89C00335300C0A80006 /* gnugo */; };
		43B8D4450DC05C27001128F3 /* Goban.icns in Resources */ = {isa = PBXBuildFile; fileRef = 053CBFCF003342D8C0A80006 /* Goban.icns */; };
		43B8D4460DC05C27001128F3 /* Goban.nib in Resources */ = {isa = PBXBuildFile; fileRef = 011B8846003323B1C0A80006 /* Goban.nib */; };
		43B8D4470DC05C27001128F3 /* GobanContextInspector.nib in Resources */ = {isa = PBXBuildFile; fileRef = 1543F68800DD643B7F000001 /* GobanContextInspector.nib */; };
		43B8D4480DC05C27001128F3 /* GobanCopyrightInspector.nib in Resources */ = {isa = PBXBuildFile; fileRef = 1543F68500DD61B57F000001 /* GobanCopyrightInspector.nib */; };
		43B8D4490DC05C27001128F3 /* GobanDisplayPreferences.nib in Resources */ = {isa = PBXBuildFile; fileRef = F63820060161170801000001 /* GobanDisplayPreferences.nib */; };
		43B8D44A0DC05C27001128F3 /* GobanGameDocument.nib in Resources */ = {isa = PBXBuildFile; fileRef = 011B8849003323B1C0A80006 /* GobanGameDocument.nib */; };
		43B8D44B0DC05C27001128F3 /* GobanGeneralInspector.nib in Resources */ = {isa = PBXBuildFile; fileRef = 1543F68200DD60C07F000001 /* GobanGeneralInspector.nib */; };
		43B8D44C0DC05C27001128F3 /* GobanGeneralPreferences.nib in Resources */ = {isa = PBXBuildFile; fileRef = F6382001016115B701000001 /* GobanGeneralPreferences.nib */; };
		43B8D44D0DC05C27001128F3 /* GobanGnuGoPlayerEditor.nib in Resources */ = {isa = PBXBuildFile; fileRef = F6B2DAE90166658601A37789 /* GobanGnuGoPlayerEditor.nib */; };
		43B8D44E0DC05C27001128F3 /* GobanHelp in Resources */ = {isa = PBXBuildFile; fileRef = F6A4905000C18C9701000001 /* GobanHelp */; };
		43B8D44F0DC05C27001128F3 /* GobanMoveInspector.nib in Resources */ = {isa = PBXBuildFile; fileRef = 1543F67800DD003A7F000001 /* GobanMoveInspector.nib */; };
		43B8D4500DC05C27001128F3 /* GobanPlayersPreferences.nib in Resources */ = {isa = PBXBuildFile; fileRef = F638200A0161170801000001 /* GobanPlayersPreferences.nib */; };
		43B8D4510DC05C27001128F3 /* GobanPreferenceController.nib in Resources */ = {isa = PBXBuildFile; fileRef = 011B884B003323B1C0A80006 /* GobanPreferenceController.nib */; };
		43B8D4520DC05C27001128F3 /* GobanProgramPlayerEditor.nib in Resources */ = {isa = PBXBuildFile; fileRef = F6B2DAEB0166658601A37789 /* GobanProgramPlayerEditor.nib */; };
		43B8D4530DC05C27001128F3 /* GobanRulesInspector.nib in Resources */ = {isa = PBXBuildFile; fileRef = 045C3D9B006E9ED87F000001 /* GobanRulesInspector.nib */; };
		43B8D4540DC05C27001128F3 /* GobanScoreInspector.nib in Resources */ = {isa = PBXBuildFile; fileRef = 045C3D99006E9ED87F000001 /* GobanScoreInspector.nib */; };
		43B8D4550DC05C27001128F3 /* GobanSoundPreferences.nib in Resources */ = {isa = PBXBuildFile; fileRef = F638200E0161170801000001 /* GobanSoundPreferences.nib */; };
		43B8D4560DC05C27001128F3 /* Info.tiff in Resources */ = {isa = PBXBuildFile; fileRef = 664D73F0008081A27F000001 /* Info.tiff */; };
		43B8D4570DC05C27001128F3 /* InfoPanel.nib in Resources */ = {isa = PBXBuildFile; fileRef = 011B884F003323B1C0A80006 /* InfoPanel.nib */; };
		43B8D4580DC05C27001128F3 /* Inspectors.plist in Resources */ = {isa = PBXBuildFile; fileRef = F6F9368C0167947501B0693B /* Inspectors.plist */; };
		43B8D4590DC05C27001128F3 /* KayaBoard.png in Resources */ = {isa = PBXBuildFile; fileRef = 0109709400D04A387F000001 /* KayaBoard.png */; };
		43B8D45A0DC05C27001128F3 /* License.txt in Resources */ = {isa = PBXBuildFile; fileRef = F6C98DD1016A275401A80011 /* License.txt */; };
		43B8D45B0DC05C27001128F3 /* Localizable.strings in Resources */ = {isa = PBXBuildFile; fileRef = 00ED9B8A00825ED47F000001 /* Localizable.strings */; };
		43B8D45C0DC05C27001128F3 /* Opponents.tiff in Resources */ = {isa = PBXBuildFile; fileRef = 011B882B00332332C0A80006 /* Opponents.tiff */; };
		43B8D45D0DC05C27001128F3 /* Pass.tiff in Resources */ = {isa = PBXBuildFile; fileRef = 664D73F1008081A27F000001 /* Pass.tiff */; };
		43B8D45E0DC05C27001128F3 /* Play.tiff in Resources */ = {isa = PBXBuildFile; fileRef = 664D73F2008081A27F000001 /* Play.tiff */; };
		43B8D45F0DC05C27001128F3 /* Players.tiff in Resources */ = {isa = PBXBuildFile; fileRef = F656EED5016BCCC7011CF5BC /* Players.tiff */; };
		43B8D4600DC05C27001128F3 /* Preferences.plist in Resources */ = {isa = PBXBuildFile; fileRef = F6F9368E0167959901B0693B /* Preferences.plist */; };
		43B8D4610DC05C27001128F3 /* Resign.tiff in Resources */ = {isa = PBXBuildFile; fileRef = 664D73F3008081A27F000001 /* Resign.tiff */; };
		43B8D4620DC05C27001128F3 /* SenteGoban.tiff in Resources */ = {isa = PBXBuildFile; fileRef = F66AAE4D00DA6C2801000001 /* SenteGoban.tiff */; };
		43B8D4630DC05C27001128F3 /* sgf.icns in Resources */ = {isa = PBXBuildFile; fileRef = 053CBFD0003342D8C0A80006 /* sgf.icns */; };
		43B8D4640DC05C27001128F3 /* Sound.tiff in Resources */ = {isa = PBXBuildFile; fileRef = F656EED3016BCCC7011CF5BC /* Sound.tiff */; };
		43B8D4650DC05C27001128F3 /* sparrows.tiff in Resources */ = {isa = PBXBuildFile; fileRef = 44AF327400D43FA97F000001 /* sparrows.tiff */; };
		43B8D4660DC05C27001128F3 /* Speech.tiff in Resources */ = {isa = PBXBuildFile; fileRef = F656EED4016BCCC7011CF5BC /* Speech.tiff */; };
		43B8D4670DC05C27001128F3 /* Tink.aiff in Resources */ = {isa = PBXBuildFile; fileRef = 00F1B188008523C07F000001 /* Tink.aiff */; };
		43B8D4680DC05C27001128F3 /* Tock.aiff in Resources */ = {isa = PBXBuildFile; fileRef = 172B40780083B18F7F000001 /* Tock.aiff */; };
		43B8D4690DC05C27001128F3 /* Undo.tiff in Resources */ = {isa = PBXBuildFile; fileRef = 664D73F4008081A27F000001 /* Undo.tiff */; };
		43B8D46A0DC05C27001128F3 /* WhitePrisonerCaption.tiff in Resources */ = {isa = PBXBuildFile; fileRef = 155CF8E200D436127F000001 /* WhitePrisonerCaption.tiff */; };
		43B8D46B0DC05C27001128F3 /* WhiteStone.tiff in Resources */ = {isa = PBXBuildFile; fileRef = 155CF8DE00D4341A7F000001 /* WhiteStone.tiff */; };
		43B8D46C0DC05C27001128F3 /* WhiteStones in Resources */ = {isa = PBXBuildFile; fileRef = 0115B0DB00D96A987F000001 /* WhiteStones */; };
		43B8D46D0DC05C27001128F3 /* WhiteTerritory.tiff in Resources */ = {isa = PBXBuildFile; fileRef = 155CF8D500D433EA7F000001 /* WhiteTerritory.tiff */; };
		43B8D46E0DC05C3A001128F3 /* gmp.c in Sources */ = {isa = PBXBuildFile; fileRef = 053CBFC600333FFFC0A80006 /* gmp.c */; };
		43B8D46F0DC05C3A001128F3 /* Goban_main.m in Sources */ = {isa = PBXBuildFile; fileRef = 011B8812003322FCC0A80006 /* Goban_main.m */; };
		43B8D4700DC05C3A001128F3 /* GobanApplicationDelegate.m in Sources */ = {isa = PBXBuildFile; fileRef = 00F1B185008520247F000001 /* GobanApplicationDelegate.m */; };
		43B8D4710DC05C3A001128F3 /* GobanBoardView.m in Sources */ = {isa = PBXBuildFile; fileRef = 044A809D00CDB7D47F000001 /* GobanBoardView.m */; };
		43B8D4720DC05C3A001128F3 /* GobanCell.m in Sources */ = {isa = PBXBuildFile; fileRef = 0115B0D200D941AF7F000001 /* GobanCell.m */; };
		43B8D4730DC05C3A001128F3 /* GobanDisplayPreferences.m in Sources */ = {isa = PBXBuildFile; fileRef = F63820050161170801000001 /* GobanDisplayPreferences.m */; };
		43B8D4740DC05C3A001128F3 /* GobanGameDocument.m in Sources */ = {isa = PBXBuildFile; fileRef = 011B8807003322FCC0A80006 /* GobanGameDocument.m */; };
		43B8D4750DC05C3A001128F3 /* GobanGeneralPreferences.m in Sources */ = {isa = PBXBuildFile; fileRef = F6381FFA0161110401000001 /* GobanGeneralPreferences.m */; };
		43B8D4760DC05C3A001128F3 /* GobanGMPPlayer.m in Sources */ = {isa = PBXBuildFile; fileRef = 011B8809003322FCC0A80006 /* GobanGMPPlayer.m */; };
		43B8D4770DC05C3A001128F3 /* GobanGnuGoPlayer.m in Sources */ = {isa = PBXBuildFile; fileRef = F6381FED016104EF01000001 /* GobanGnuGoPlayer.m */; };
		43B8D4780DC05C3A001128F3 /* GobanGnuGoPlayerEditor.m in Sources */ = {isa = PBXBuildFile; fileRef = F6B2DAE6016664E601A37789 /* GobanGnuGoPlayerEditor.m */; };
		43B8D4790DC05C3A001128F3 /* GobanGoke.m in Sources */ = {isa = PBXBuildFile; fileRef = 018CE32300D2B3FA7F000001 /* GobanGoke.m */; };
		43B8D47A0DC05C3A001128F3 /* GobanGTPPlayer.m in Sources */ = {isa = PBXBuildFile; fileRef = F62D3785015E0B4E01000001 /* GobanGTPPlayer.m */; };
		43B8D47B0DC05C3A001128F3 /* GobanHumanPlayer.m in Sources */ = {isa = PBXBuildFile; fileRef = 011B880D003322FCC0A80006 /* GobanHumanPlayer.m */; };
		43B8D47C0DC05C3A001128F3 /* GobanInspector.m in Sources */ = {isa = PBXBuildFile; fileRef = F6B2DAFC01677A5401A37789 /* GobanInspector.m */; };
		43B8D47D0DC05C3A001128F3 /* GobanInspectorController.m in Sources */ = {isa = PBXBuildFile; fileRef = F622570800C8E30C01000001 /* GobanInspectorController.m */; };
		43B8D47E0DC05C3A001128F3 /* GobanMatrix.m in Sources */ = {isa = PBXBuildFile; fileRef = 053CBFC200333F6FC0A80006 /* GobanMatrix.m */; };
		43B8D47F0DC05C3A001128F3 /* GobanMoveInspector.m in Sources */ = {isa = PBXBuildFile; fileRef = 1543F67C00DD31237F000001 /* GobanMoveInspector.m */; };
		43B8D4800DC05C3A001128F3 /* GobanPlayer.m in Sources */ = {isa = PBXBuildFile; fileRef = 011B880F003322FCC0A80006 /* GobanPlayer.m */; };
		43B8D4810DC05C3A001128F3 /* GobanPlayerDefaults.m in Sources */ = {isa = PBXBuildFile; fileRef = F638953D016500DD01BA2653 /* GobanPlayerDefaults.m */; };
		43B8D4820DC05C3A001128F3 /* GobanPlayerEditor.m in Sources */ = {isa = PBXBuildFile; fileRef = F6B2DAF0016669D801A37789 /* GobanPlayerEditor.m */; };
		43B8D4830DC05C3A001128F3 /* GobanPlayersPreferences.m in Sources */ = {isa = PBXBuildFile; fileRef = F63820090161170801000001 /* GobanPlayersPreferences.m */; };
		43B8D4840DC05C3A001128F3 /* GobanPreferenceController.m in Sources */ = {isa = PBXBuildFile; fileRef = 011B8811003322FCC0A80006 /* GobanPreferenceController.m */; };
		43B8D4850DC05C3A001128F3 /* GobanPreferences.m in Sources */ = {isa = PBXBuildFile; fileRef = F6381FFE016111A701000001 /* GobanPreferences.m */; };
		43B8D4860DC05C3A001128F3 /* GobanProgramPlayer.m in Sources */ = {isa = PBXBuildFile; fileRef = F63BD096015EAAAE01000001 /* GobanProgramPlayer.m */; };
		43B8D4870DC05C3A001128F3 /* GobanProgramPlayerEditor.m in Sources */ = {isa = PBXBuildFile; fileRef = F6B2DAF701666FF901A37789 /* GobanProgramPlayerEditor.m */; };
		43B8D4880DC05C3A001128F3 /* GobanProgressItem.m in Sources */ = {isa = PBXBuildFile; fileRef = F61573C301692CDD01302650 /* GobanProgressItem.m */; };
		43B8D4890DC05C3A001128F3 /* GobanRulesInspector.m in Sources */ = {isa = PBXBuildFile; fileRef = 045C3DA0006E9FF27F000001 /* GobanRulesInspector.m */; };
		43B8D48A0DC05C3A001128F3 /* GobanScoreInspector.m in Sources */ = {isa = PBXBuildFile; fileRef = 2C9A069A007FC95E7F000001 /* GobanScoreInspector.m */; };
		43B8D48B0DC05C3A001128F3 /* GobanSoundPreferences.m in Sources */ = {isa = PBXBuildFile; fileRef = F638200D0161170801000001 /* GobanSoundPreferences.m */; };
		43B8D48C0DC05C3A001128F3 /* GobanToolbar.m in Sources */ = {isa = PBXBuildFile; fileRef = 664D73FB00808C7C7F000001 /* GobanToolbar.m */; };
		43B8D48D0DC05C3A001128F3 /* GobanUser.m in Sources */ = {isa = PBXBuildFile; fileRef = F6B2DADC0166615B01A37789 /* GobanUser.m */; };
		43B8D48E0DC05C3A001128F3 /* GobanView.m in Sources */ = {isa = PBXBuildFile; fileRef = 045C3D8C006D3D487F000001 /* GobanView.m */; };
		43B8D48F0DC05C3A001128F3 /* InfoPanelController.m in Sources */ = {isa = PBXBuildFile; fileRef = 053CBFCC003342BEC0A80006 /* InfoPanelController.m */; };
		43B8D4900DC05C3A001128F3 /* SenInterfaceValidation.m in Sources */ = {isa = PBXBuildFile; fileRef = F61272F400CA541401000001 /* SenInterfaceValidation.m */; };
		43B8D4940DC05C60001128F3 /* SenFoundation.framework in CopyFiles */ = {isa = PBXBuildFile; fileRef = F64E01A600BC8B7201000001 /* SenFoundation.framework */; };
		43B8D4FC0DC0604E001128F3 /* gmp.h in Headers */ = {isa = PBXBuildFile; fileRef = 053CBFC700333FFFC0A80006 /* gmp.h */; };
		43B8D4FD0DC0604E001128F3 /* GobanApplicationDelegate.h in Headers */ = {isa = PBXBuildFile; fileRef = 00F1B184008520247F000001 /* GobanApplicationDelegate.h */; };
		43B8D4FE0DC0604E001128F3 /* GobanBoardView.h in Headers */ = {isa = PBXBuildFile; fileRef = 044A809C00CDB7D47F000001 /* GobanBoardView.h */; };
		43B8D4FF0DC0604E001128F3 /* GobanCell.h in Headers */ = {isa = PBXBuildFile; fileRef = 0115B0D100D941AF7F000001 /* GobanCell.h */; };
		43B8D5000DC0604E001128F3 /* GobanDisplayPreferences.h in Headers */ = {isa = PBXBuildFile; fileRef = F63820040161170801000001 /* GobanDisplayPreferences.h */; };
		43B8D5010DC0604E001128F3 /* GobanGameDocument.h in Headers */ = {isa = PBXBuildFile; fileRef = 011B8806003322FCC0A80006 /* GobanGameDocument.h */; };
		43B8D5020DC0604E001128F3 /* GobanGeneralPreferences.h in Headers */ = {isa = PBXBuildFile; fileRef = F6381FF90161110401000001 /* GobanGeneralPreferences.h */; };
		43B8D5030DC0604E001128F3 /* GobanGMPPlayer.h in Headers */ = {isa = PBXBuildFile; fileRef = 011B8808003322FCC0A80006 /* GobanGMPPlayer.h */; };
		43B8D5040DC0604E001128F3 /* GobanGnuGoPlayer.h in Headers */ = {isa = PBXBuildFile; fileRef = F6381FEC016104EF01000001 /* GobanGnuGoPlayer.h */; };
		43B8D5050DC0604E001128F3 /* GobanGnuGoPlayerEditor.h in Headers */ = {isa = PBXBuildFile; fileRef = F6B2DAE5016664E601A37789 /* GobanGnuGoPlayerEditor.h */; };
		43B8D5060DC0604E001128F3 /* GobanGoke.h in Headers */ = {isa = PBXBuildFile; fileRef = 018CE32200D2B3FA7F000001 /* GobanGoke.h */; };
		43B8D5070DC0604E001128F3 /* GobanGTPPlayer.h in Headers */ = {isa = PBXBuildFile; fileRef = F62D3784015E0B4E01000001 /* GobanGTPPlayer.h */; };
		43B8D5080DC0604E001128F3 /* GobanHumanPlayer.h in Headers */ = {isa = PBXBuildFile; fileRef = 011B880C003322FCC0A80006 /* GobanHumanPlayer.h */; };
		43B8D5090DC0604E001128F3 /* GobanInspector.h in Headers */ = {isa = PBXBuildFile; fileRef = F639E67E015BC8B201000001 /* GobanInspector.h */; };
		43B8D50A0DC0604E001128F3 /* GobanInspectorController.h in Headers */ = {isa = PBXBuildFile; fileRef = F622570700C8E30C01000001 /* GobanInspectorController.h */; };
		43B8D50B0DC0604E001128F3 /* GobanMatrix.h in Headers */ = {isa = PBXBuildFile; fileRef = 053CBFC100333F6FC0A80006 /* GobanMatrix.h */; };
		43B8D50C0DC0604E001128F3 /* GobanMoveInspector.h in Headers */ = {isa = PBXBuildFile; fileRef = 1543F67B00DD31237F000001 /* GobanMoveInspector.h */; };
		43B8D50D0DC0604E001128F3 /* GobanPlayer.h in Headers */ = {isa = PBXBuildFile; fileRef = 011B880E003322FCC0A80006 /* GobanPlayer.h */; };
		43B8D50E0DC0604E001128F3 /* GobanPlayerDefaults.h in Headers */ = {isa = PBXBuildFile; fileRef = F638953C016500DD01BA2653 /* GobanPlayerDefaults.h */; };
		43B8D50F0DC0604E001128F3 /* GobanPlayerEditor.h in Headers */ = {isa = PBXBuildFile; fileRef = F6B2DAEF016669D801A37789 /* GobanPlayerEditor.h */; };
		43B8D5100DC0604E001128F3 /* GobanPlayersPreferences.h in Headers */ = {isa = PBXBuildFile; fileRef = F63820080161170801000001 /* GobanPlayersPreferences.h */; };
		43B8D5110DC0604E001128F3 /* GobanPreferenceController.h in Headers */ = {isa = PBXBuildFile; fileRef = 011B8810003322FCC0A80006 /* GobanPreferenceController.h */; };
		43B8D5120DC0604E001128F3 /* GobanPreferences.h in Headers */ = {isa = PBXBuildFile; fileRef = F6381FFD016111A701000001 /* GobanPreferences.h */; };
		43B8D5130DC0604E001128F3 /* GobanProgramPlayer.h in Headers */ = {isa = PBXBuildFile; fileRef = F63BD095015EAAAE01000001 /* GobanProgramPlayer.h */; };
		43B8D5140DC0604E001128F3 /* GobanProgramPlayerEditor.h in Headers */ = {isa = PBXBuildFile; fileRef = F6B2DAF601666FF901A37789 /* GobanProgramPlayerEditor.h */; };
		43B8D5150DC0604E001128F3 /* GobanProgressItem.h in Headers */ = {isa = PBXBuildFile; fileRef = F61573C201692CDD01302650 /* GobanProgressItem.h */; };
		43B8D5160DC0604E001128F3 /* GobanRulesInspector.h in Headers */ = {isa = PBXBuildFile; fileRef = 045C3D9F006E9FF27F000001 /* GobanRulesInspector.h */; };
		43B8D5170DC0604E001128F3 /* GobanScoreInspector.h in Headers */ = {isa = PBXBuildFile; fileRef = 2C9A0699007FC95E7F000001 /* GobanScoreInspector.h */; };
		43B8D5180DC0604E001128F3 /* GobanSoundPreferences.h in Headers */ = {isa = PBXBuildFile; fileRef = F638200C0161170801000001 /* GobanSoundPreferences.h */; };
		43B8D5190DC0604E001128F3 /* GobanToolbar.h in Headers */ = {isa = PBXBuildFile; fileRef = 664D73FA00808C7C7F000001 /* GobanToolbar.h */; };
		43B8D51A0DC0604E001128F3 /* GobanUser.h in Headers */ = {isa = PBXBuildFile; fileRef = F6B2DADB0166615B01A37789 /* GobanUser.h */; };
		43B8D51B0DC0604E001128F3 /* GobanView.h in Headers */ = {isa = PBXBuildFile; fileRef = 045C3D8B006D3D487F000001 /* GobanView.h */; };
		43B8D51C0DC0604E001128F3 /* InfoPanelController.h in Headers */ = {isa = PBXBuildFile; fileRef = 053CBFCB003342BEC0A80006 /* InfoPanelController.h */; };
		43B8D51D0DC0604E001128F3 /* SenInterfaceValidation.h in Headers */ = {isa = PBXBuildFile; fileRef = F61272F300CA541401000001 /* SenInterfaceValidation.h */; };
/* End PBXBuildFile section */

/* Begin PBXContainerItemProxy section */
		43B8D0880DC05BAB001128F3 /* PBXContainerItemProxy */ = {
			isa = PBXContainerItemProxy;
			containerPortal = 2A37F4A9FDCFA73011CA2CEA /* Project object */;
			proxyType = 1;
			remoteGlobalIDString = 43B8D0080DC05906001128F3 /* GoGame */;
			remoteInfo = GoGame;
		};
/* End PBXContainerItemProxy section */

/* Begin PBXCopyFilesBuildPhase section */
		43B8D0450DC05A29001128F3 /* CopyFiles */ = {
			isa = PBXCopyFilesBuildPhase;
			buildActionMask = 8;
			dstPath = "";
			dstSubfolderSpec = 10;
			files = (
				43B8D0420DC05A04001128F3 /* SenFoundation.framework in CopyFiles */,
			);
			runOnlyForDeploymentPostprocessing = 1;
		};
		43B8D4970DC05C7F001128F3 /* CopyFiles */ = {
			isa = PBXCopyFilesBuildPhase;
			buildActionMask = 8;
			dstPath = "";
			dstSubfolderSpec = 10;
			files = (
				43B8D4940DC05C60001128F3 /* SenFoundation.framework in CopyFiles */,
			);
			runOnlyForDeploymentPostprocessing = 1;
		};
/* End PBXCopyFilesBuildPhase section */

/* Begin PBXFileReference section */
		00ED9B8800825C877F000001 /* English */ = {isa = PBXFileReference; lastKnownFileType = text.plist.strings; name = English; path = English.lproj/Localizable.strings; sourceTree = "<group>"; };
		00F1B184008520247F000001 /* GobanApplicationDelegate.h */ = {isa = PBXFileReference; lastKnownFileType = sourcecode.c.h; path = GobanApplicationDelegate.h; sourceTree = "<group>"; };
		00F1B185008520247F000001 /* GobanApplicationDelegate.m */ = {isa = PBXFileReference; lastKnownFileType = sourcecode.c.objc; path = GobanApplicationDelegate.m; sourceTree = "<group>"; };
		00F1B188008523C07F000001 /* Tink.aiff */ = {isa = PBXFileReference; lastKnownFileType = audio.aiff; path = Tink.aiff; sourceTree = "<group>"; };
		0109709400D04A387F000001 /* KayaBoard.png */ = {isa = PBXFileReference; lastKnownFileType = image.png; path = KayaBoard.png; sourceTree = "<group>"; };
		0115B0D100D941AF7F000001 /* GobanCell.h */ = {isa = PBXFileReference; lastKnownFileType = sourcecode.c.h; path = GobanCell.h; sourceTree = "<group>"; };
		0115B0D200D941AF7F000001 /* GobanCell.m */ = {isa = PBXFileReference; lastKnownFileType = sourcecode.c.objc; path = GobanCell.m; sourceTree = "<group>"; };
		0115B0DA00D96A987F000001 /* BlackStones */ = {isa = PBXFileReference; lastKnownFileType = folder; path = BlackStones; sourceTree = "<group>"; };
		0115B0DB00D96A987F000001 /* WhiteStones */ = {isa = PBXFileReference; lastKnownFileType = folder; path = WhiteStones; sourceTree = "<group>"; };
		011B8806003322FCC0A80006 /* GobanGameDocument.h */ = {isa = PBXFileReference; lastKnownFileType = sourcecode.c.h; path = GobanGameDocument.h; sourceTree = "<group>"; };
		011B8807003322FCC0A80006 /* GobanGameDocument.m */ = {isa = PBXFileReference; lastKnownFileType = sourcecode.c.objc; path = GobanGameDocument.m; sourceTree = "<group>"; };
		011B8808003322FCC0A80006 /* GobanGMPPlayer.h */ = {isa = PBXFileReference; lastKnownFileType = sourcecode.c.h; path = GobanGMPPlayer.h; sourceTree = "<group>"; };
		011B8809003322FCC0A80006 /* GobanGMPPlayer.m */ = {isa = PBXFileReference; lastKnownFileType = sourcecode.c.objc; path = GobanGMPPlayer.m; sourceTree = "<group>"; };
		011B880C003322FCC0A80006 /* GobanHumanPlayer.h */ = {isa = PBXFileReference; lastKnownFileType = sourcecode.c.h; path = GobanHumanPlayer.h; sourceTree = "<group>"; };
		011B880D003322FCC0A80006 /* GobanHumanPlayer.m */ = {isa = PBXFileReference; lastKnownFileType = sourcecode.c.objc; path = GobanHumanPlayer.m; sourceTree = "<group>"; };
		011B880E003322FCC0A80006 /* GobanPlayer.h */ = {isa = PBXFileReference; lastKnownFileType = sourcecode.c.h; path = GobanPlayer.h; sourceTree = "<group>"; };
		011B880F003322FCC0A80006 /* GobanPlayer.m */ = {isa = PBXFileReference; lastKnownFileType = sourcecode.c.objc; path = GobanPlayer.m; sourceTree = "<group>"; };
		011B8810003322FCC0A80006 /* GobanPreferenceController.h */ = {isa = PBXFileReference; lastKnownFileType = sourcecode.c.h; path = GobanPreferenceController.h; sourceTree = "<group>"; };
		011B8811003322FCC0A80006 /* GobanPreferenceController.m */ = {isa = PBXFileReference; lastKnownFileType = sourcecode.c.objc; path = GobanPreferenceController.m; sourceTree = "<group>"; };
		011B8812003322FCC0A80006 /* Goban_main.m */ = {isa = PBXFileReference; lastKnownFileType = sourcecode.c.objc; path = Goban_main.m; sourceTree = "<group>"; };
		011B882B00332332C0A80006 /* Opponents.tiff */ = {isa = PBXFileReference; lastKnownFileType = image.tiff; path = Opponents.tiff; sourceTree = "<group>"; };
		011B8847003323B1C0A80006 /* English */ = {isa = PBXFileReference; lastKnownFileType = wrapper.nib; name = English; path = English.lproj/Goban.nib; sourceTree = "<group>"; };
		011B884A003323B1C0A80006 /* English */ = {isa = PBXFileReference; lastKnownFileType = wrapper.nib; name = English; path = English.lproj/GobanGameDocument.nib; sourceTree = "<group>"; };
		011B884C003323B1C0A80006 /* English */ = {isa = PBXFileReference; lastKnownFileType = wrapper.nib; name = English; path = English.lproj/GobanPreferenceController.nib; sourceTree = "<group>"; };
		011B8850003323B1C0A80006 /* English */ = {isa = PBXFileReference; lastKnownFileType = wrapper.nib; name = English; path = English.lproj/InfoPanel.nib; sourceTree = "<group>"; };
		011B88660033343DC0A80006 /* GoGame.h */ = {isa = PBXFileReference; lastKnownFileType = sourcecode.c.h; path = GoGame.h; sourceTree = "<group>"; };
		011B88670033343DC0A80006 /* GoGame.m */ = {isa = PBXFileReference; lastKnownFileType = sourcecode.c.objc; path = GoGame.m; sourceTree = "<group>"; };
		011B88680033343DC0A80006 /* GoGameDefaults.plist */ = {isa = PBXFileReference; lastKnownFileType = text.plist; path = GoGameDefaults.plist; sourceTree = "<group>"; };
		011B88690033343DC0A80006 /* GoGeometry.h */ = {isa = PBXFileReference; lastKnownFileType = sourcecode.c.h; path = GoGeometry.h; sourceTree = "<group>"; };
		011B886A0033343DC0A80006 /* GoGeometry.m */ = {isa = PBXFileReference; lastKnownFileType = sourcecode.c.objc; path = GoGeometry.m; sourceTree = "<group>"; };
		011B886D0033343DC0A80006 /* GoPoint.h */ = {isa = PBXFileReference; lastKnownFileType = sourcecode.c.h; path = GoPoint.h; sourceTree = "<group>"; };
		011B886E0033343DC0A80006 /* GoPoint.m */ = {isa = PBXFileReference; lastKnownFileType = sourcecode.c.objc; path = GoPoint.m; sourceTree = "<group>"; };
		011B886F0033343DC0A80006 /* GoPosition.h */ = {isa = PBXFileReference; lastKnownFileType = sourcecode.c.h; path = GoPosition.h; sourceTree = "<group>"; };
		011B88700033343DC0A80006 /* GoPosition.m */ = {isa = PBXFileReference; lastKnownFileType = sourcecode.c.objc; path = GoPosition.m; sourceTree = "<group>"; };
		011B88710033343DC0A80006 /* GoPositionPointEnumerator.h */ = {isa = PBXFileReference; lastKnownFileType = sourcecode.c.h; path = GoPositionPointEnumerator.h; sourceTree = "<group>"; };
		011B88720033343DC0A80006 /* GoPositionPointEnumerator.m */ = {isa = PBXFileReference; lastKnownFileType = sourcecode.c.objc; path = GoPositionPointEnumerator.m; sourceTree = "<group>"; };
		011B88730033343DC0A80006 /* GoRuleSet.h */ = {isa = PBXFileReference; lastKnownFileType = sourcecode.c.h; path = GoRuleSet.h; sourceTree = "<group>"; };
		011B88740033343DC0A80006 /* GoRuleSet.m */ = {isa = PBXFileReference; lastKnownFileType = sourcecode.c.objc; path = GoRuleSet.m; sourceTree = "<group>"; };
		011B88750033343DC0A80006 /* GoSymbol.h */ = {isa = PBXFileReference; lastKnownFileType = sourcecode.c.h; path = GoSymbol.h; sourceTree = "<group>"; };
		011B88760033343DC0A80006 /* GoSymbol.m */ = {isa = PBXFileReference; lastKnownFileType = sourcecode.c.objc; path = GoSymbol.m; sourceTree = "<group>"; };
		011B888B0033358FC0A80006 /* Foundation.framework */ = {isa = PBXFileReference; lastKnownFileType = wrapper.framework; name = Foundation.framework; path = /System/Library/Frameworks/Foundation.framework; sourceTree = "<absolute>"; };
		018CE32200D2B3FA7F000001 /* GobanGoke.h */ = {isa = PBXFileReference; lastKnownFileType = sourcecode.c.h; path = GobanGoke.h; sourceTree = "<group>"; };
		018CE32300D2B3FA7F000001 /* GobanGoke.m */ = {isa = PBXFileReference; lastKnownFileType = sourcecode.c.objc; path = GobanGoke.m; sourceTree = "<group>"; };
		02E199A800A0C9B57F000001 /* ToDo.notes */ = {isa = PBXFileReference; lastKnownFileType = text; path = ToDo.notes; sourceTree = SOURCE_ROOT; };
		044A809C00CDB7D47F000001 /* GobanBoardView.h */ = {isa = PBXFileReference; lastKnownFileType = sourcecode.c.h; path = GobanBoardView.h; sourceTree = "<group>"; };
		044A809D00CDB7D47F000001 /* GobanBoardView.m */ = {isa = PBXFileReference; lastKnownFileType = sourcecode.c.objc; path = GobanBoardView.m; sourceTree = "<group>"; };
		045C3D8B006D3D487F000001 /* GobanView.h */ = {isa = PBXFileReference; lastKnownFileType = sourcecode.c.h; path = GobanView.h; sourceTree = "<group>"; };
		045C3D8C006D3D487F000001 /* GobanView.m */ = {isa = PBXFileReference; lastKnownFileType = sourcecode.c.objc; path = GobanView.m; sourceTree = "<group>"; };
		045C3D93006DFC677F000001 /* Defaults.plist */ = {isa = PBXFileReference; fileEncoding = 10; lastKnownFileType = text.plist; path = Defaults.plist; sourceTree = "<group>"; };
		045C3D9A006E9ED87F000001 /* English */ = {isa = PBXFileReference; lastKnownFileType = wrapper.nib; name = English; path = English.lproj/GobanScoreInspector.nib; sourceTree = "<group>"; };
		045C3D9C006E9ED87F000001 /* English */ = {isa = PBXFileReference; lastKnownFileType = wrapper.nib; name = English; path = English.lproj/GobanRulesInspector.nib; sourceTree = "<group>"; };
		045C3D9F006E9FF27F000001 /* GobanRulesInspector.h */ = {isa = PBXFileReference; lastKnownFileType = sourcecode.c.h; path = GobanRulesInspector.h; sourceTree = "<group>"; };
		045C3DA0006E9FF27F000001 /* GobanRulesInspector.m */ = {isa = PBXFileReference; lastKnownFileType = sourcecode.c.objc; path = GobanRulesInspector.m; sourceTree = "<group>"; };
		053CBFC100333F6FC0A80006 /* GobanMatrix.h */ = {isa = PBXFileReference; lastKnownFileType = sourcecode.c.h; path = GobanMatrix.h; sourceTree = "<group>"; };
		053CBFC200333F6FC0A80006 /* GobanMatrix.m */ = {isa = PBXFileReference; lastKnownFileType = sourcecode.c.objc; path = GobanMatrix.m; sourceTree = "<group>"; };
		053CBFC600333FFFC0A80006 /* gmp.c */ = {isa = PBXFileReference; lastKnownFileType = sourcecode.c.c; name = gmp.c; path = GoModemProtocol/gmp.c; sourceTree = "<group>"; };
		053CBFC700333FFFC0A80006 /* gmp.h */ = {isa = PBXFileReference; lastKnownFileType = sourcecode.c.h; name = gmp.h; path = GoModemProtocol/gmp.h; sourceTree = "<group>"; };
		053CBFCB003342BEC0A80006 /* InfoPanelController.h */ = {isa = PBXFileReference; lastKnownFileType = sourcecode.c.h; path = InfoPanelController.h; sourceTree = "<group>"; };
		053CBFCC003342BEC0A80006 /* InfoPanelController.m */ = {isa = PBXFileReference; lastKnownFileType = sourcecode.c.objc; path = InfoPanelController.m; sourceTree = "<group>"; };
		053CBFCF003342D8C0A80006 /* Goban.icns */ = {isa = PBXFileReference; lastKnownFileType = image.icns; path = Goban.icns; sourceTree = "<group>"; };
		053CBFD0003342D8C0A80006 /* sgf.icns */ = {isa = PBXFileReference; lastKnownFileType = image.icns; path = sgf.icns; sourceTree = "<group>"; };
		0A0DA89C00335300C0A80006 /* gnugo */ = {isa = PBXFileReference; lastKnownFileType = "compiled.mach-o.executable"; path = gnugo; sourceTree = "<group>"; };
		0D8DD65400EF20067F000001 /* sgf.c */ = {isa = PBXFileReference; lastKnownFileType = sourcecode.c.c; path = sgf.c; sourceTree = "<group>"; };
		0D8DD65500EF20067F000001 /* sgf.h */ = {isa = PBXFileReference; lastKnownFileType = sourcecode.c.h; path = sgf.h; sourceTree = "<group>"; };
		1543F67900DD003A7F000001 /* English */ = {isa = PBXFileReference; lastKnownFileType = wrapper.nib; name = English; path = English.lproj/GobanMoveInspector.nib; sourceTree = "<group>"; };
		1543F67B00DD31237F000001 /* GobanMoveInspector.h */ = {isa = PBXFileReference; lastKnownFileType = sourcecode.c.h; path = GobanMoveInspector.h; sourceTree = "<group>"; };
		1543F67C00DD31237F000001 /* GobanMoveInspector.m */ = {isa = PBXFileReference; lastKnownFileType = sourcecode.c.objc; path = GobanMoveInspector.m; sourceTree = "<group>"; };
		1543F68300DD60C07F000001 /* English */ = {isa = PBXFileReference; lastKnownFileType = wrapper.nib; name = English; path = English.lproj/GobanGeneralInspector.nib; sourceTree = "<group>"; };
		1543F68600DD61B57F000001 /* English */ = {isa = PBXFileReference; lastKnownFileType = wrapper.nib; name = English; path = English.lproj/GobanCopyrightInspector.nib; sourceTree = "<group>"; };
		1543F68900DD643B7F000001 /* English */ = {isa = PBXFileReference; lastKnownFileType = wrapper.nib; name = English; path = English.lproj/GobanContextInspector.nib; sourceTree = "<group>"; };
		155CF8D300D433EA7F000001 /* BlackTerritory.tiff */ = {isa = PBXFileReference; lastKnownFileType = image.tiff; path = BlackTerritory.tiff; sourceTree = "<group>"; };
		155CF8D400D433EA7F000001 /* Dame.tiff */ = {isa = PBXFileReference; lastKnownFileType = image.tiff; path = Dame.tiff; sourceTree = "<group>"; };
		155CF8D500D433EA7F000001 /* WhiteTerritory.tiff */ = {isa = PBXFileReference; lastKnownFileType = image.tiff; path = WhiteTerritory.tiff; sourceTree = "<group>"; };
		155CF8D900D434037F000001 /* BlackStone.tiff */ = {isa = PBXFileReference; lastKnownFileType = image.tiff; path = BlackStone.tiff; sourceTree = "<group>"; };
		155CF8DE00D4341A7F000001 /* WhiteStone.tiff */ = {isa = PBXFileReference; lastKnownFileType = image.tiff; path = WhiteStone.tiff; sourceTree = "<group>"; };
		155CF8E100D436127F000001 /* BlackPrisonerCaption.tiff */ = {isa = PBXFileReference; lastKnownFileType = image.tiff; path = BlackPrisonerCaption.tiff; sourceTree = "<group>"; };
		155CF8E200D436127F000001 /* WhitePrisonerCaption.tiff */ = {isa = PBXFileReference; lastKnownFileType = image.tiff; path = WhitePrisonerCaption.tiff; sourceTree = "<group>"; };
		172B40780083B18F7F000001 /* Tock.aiff */ = {isa = PBXFileReference; lastKnownFileType = audio.aiff; path = Tock.aiff; sourceTree = "<group>"; };
		2A37F4C4FDCFA73011CA2CEA /* AppKit.framework */ = {isa = PBXFileReference; lastKnownFileType = wrapper.framework; name = AppKit.framework; path = /System/Library/Frameworks/AppKit.framework; sourceTree = "<absolute>"; };
		2A37F4C5FDCFA73011CA2CEA /* Foundation.framework */ = {isa = PBXFileReference; lastKnownFileType = wrapper.framework; name = Foundation.framework; path = /System/Library/Frameworks/Foundation.framework; sourceTree = "<absolute>"; };
		2C9A0699007FC95E7F000001 /* GobanScoreInspector.h */ = {isa = PBXFileReference; lastKnownFileType = sourcecode.c.h; path = GobanScoreInspector.h; sourceTree = "<group>"; };
		2C9A069A007FC95E7F000001 /* GobanScoreInspector.m */ = {isa = PBXFileReference; lastKnownFileType = sourcecode.c.objc; path = GobanScoreInspector.m; sourceTree = "<group>"; };
		43B8D0090DC05906001128F3 /* GoGame.framework */ = {isa = PBXFileReference; explicitFileType = wrapper.framework; includeInIndex = 0; path = GoGame.framework; sourceTree = BUILT_PRODUCTS_DIR; };
		43B8D00A0DC05906001128F3 /* GoGame-Info.plist */ = {isa = PBXFileReference; lastKnownFileType = text.plist.xml; path = "GoGame-Info.plist"; sourceTree = "<group>"; };
		43B8D0820DC05B96001128F3 /* Goban.app */ = {isa = PBXFileReference; explicitFileType = wrapper.application; includeInIndex = 0; path = Goban.app; sourceTree = BUILT_PRODUCTS_DIR; };
		43B8D0840DC05B96001128F3 /* Goban-Info.plist */ = {isa = PBXFileReference; lastKnownFileType = text.plist.xml; path = "Goban-Info.plist"; sourceTree = "<group>"; };
		44AF327400D43FA97F000001 /* sparrows.tiff */ = {isa = PBXFileReference; lastKnownFileType = image.tiff; path = sparrows.tiff; sourceTree = "<group>"; };
		664D73F0008081A27F000001 /* Info.tiff */ = {isa = PBXFileReference; lastKnownFileType = image.tiff; path = Info.tiff; sourceTree = "<group>"; };
		664D73F1008081A27F000001 /* Pass.tiff */ = {isa = PBXFileReference; lastKnownFileType = image.tiff; path = Pass.tiff; sourceTree = "<group>"; };
		664D73F2008081A27F000001 /* Play.tiff */ = {isa = PBXFileReference; lastKnownFileType = image.tiff; path = Play.tiff; sourceTree = "<group>"; };
		664D73F3008081A27F000001 /* Resign.tiff */ = {isa = PBXFileReference; lastKnownFileType = image.tiff; path = Resign.tiff; sourceTree = "<group>"; };
		664D73F4008081A27F000001 /* Undo.tiff */ = {isa = PBXFileReference; lastKnownFileType = image.tiff; path = Undo.tiff; sourceTree = "<group>"; };
		664D73FA00808C7C7F000001 /* GobanToolbar.h */ = {isa = PBXFileReference; lastKnownFileType = sourcecode.c.h; path = GobanToolbar.h; sourceTree = "<group>"; };
		664D73FB00808C7C7F000001 /* GobanToolbar.m */ = {isa = PBXFileReference; lastKnownFileType = sourcecode.c.objc; path = GobanToolbar.m; sourceTree = "<group>"; };
		F61272F300CA541401000001 /* SenInterfaceValidation.h */ = {isa = PBXFileReference; lastKnownFileType = sourcecode.c.h; path = SenInterfaceValidation.h; sourceTree = "<group>"; };
		F61272F400CA541401000001 /* SenInterfaceValidation.m */ = {isa = PBXFileReference; lastKnownFileType = sourcecode.c.objc; path = SenInterfaceValidation.m; sourceTree = "<group>"; };
		F61573C201692CDD01302650 /* GobanProgressItem.h */ = {isa = PBXFileReference; lastKnownFileType = sourcecode.c.h; path = GobanProgressItem.h; sourceTree = "<group>"; };
		F61573C301692CDD01302650 /* GobanProgressItem.m */ = {isa = PBXFileReference; lastKnownFileType = sourcecode.c.objc; path = GobanProgressItem.m; sourceTree = "<group>"; };
		F622570700C8E30C01000001 /* GobanInspectorController.h */ = {isa = PBXFileReference; lastKnownFileType = sourcecode.c.h; path = GobanInspectorController.h; sourceTree = "<group>"; };
		F622570800C8E30C01000001 /* GobanInspectorController.m */ = {isa = PBXFileReference; lastKnownFileType = sourcecode.c.objc; path = GobanInspectorController.m; sourceTree = "<group>"; };
		F62D3784015E0B4E01000001 /* GobanGTPPlayer.h */ = {isa = PBXFileReference; lastKnownFileType = sourcecode.c.h; path = GobanGTPPlayer.h; sourceTree = "<group>"; };
		F62D3785015E0B4E01000001 /* GobanGTPPlayer.m */ = {isa = PBXFileReference; lastKnownFileType = sourcecode.c.objc; path = GobanGTPPlayer.m; sourceTree = "<group>"; };
		F634A44B014D53E701000001 /* GoGameTree.h */ = {isa = PBXFileReference; lastKnownFileType = sourcecode.c.h; name = GoGameTree.h; path = GoGame/GoGameTree.h; sourceTree = SOURCE_ROOT; };
		F634A44C014D53E701000001 /* GoGameTree.m */ = {isa = PBXFileReference; lastKnownFileType = sourcecode.c.objc; name = GoGameTree.m; path = GoGame/GoGameTree.m; sourceTree = SOURCE_ROOT; };
		F6381FEC016104EF01000001 /* GobanGnuGoPlayer.h */ = {isa = PBXFileReference; lastKnownFileType = sourcecode.c.h; path = GobanGnuGoPlayer.h; sourceTree = "<group>"; };
		F6381FED016104EF01000001 /* GobanGnuGoPlayer.m */ = {isa = PBXFileReference; lastKnownFileType = sourcecode.c.objc; path = GobanGnuGoPlayer.m; sourceTree = "<group>"; };
		F6381FF90161110401000001 /* GobanGeneralPreferences.h */ = {isa = PBXFileReference; lastKnownFileType = sourcecode.c.h; path = GobanGeneralPreferences.h; sourceTree = "<group>"; };
		F6381FFA0161110401000001 /* GobanGeneralPreferences.m */ = {isa = PBXFileReference; lastKnownFileType = sourcecode.c.objc; path = GobanGeneralPreferences.m; sourceTree = "<group>"; };
		F6381FFD016111A701000001 /* GobanPreferences.h */ = {isa = PBXFileReference; lastKnownFileType = sourcecode.c.h; path = GobanPreferences.h; sourceTree = "<group>"; };
		F6381FFE016111A701000001 /* GobanPreferences.m */ = {isa = PBXFileReference; lastKnownFileType = sourcecode.c.objc; path = GobanPreferences.m; sourceTree = "<group>"; };
		F6382002016115B701000001 /* English */ = {isa = PBXFileReference; lastKnownFileType = wrapper.nib; name = English; path = English.lproj/GobanGeneralPreferences.nib; sourceTree = "<group>"; };
		F63820040161170801000001 /* GobanDisplayPreferences.h */ = {isa = PBXFileReference; lastKnownFileType = sourcecode.c.h; path = GobanDisplayPreferences.h; sourceTree = "<group>"; };
		F63820050161170801000001 /* GobanDisplayPreferences.m */ = {isa = PBXFileReference; lastKnownFileType = sourcecode.c.objc; path = GobanDisplayPreferences.m; sourceTree = "<group>"; };
		F63820070161170801000001 /* English */ = {isa = PBXFileReference; lastKnownFileType = wrapper.nib; name = English; path = English.lproj/GobanDisplayPreferences.nib; sourceTree = "<group>"; };
		F63820080161170801000001 /* GobanPlayersPreferences.h */ = {isa = PBXFileReference; lastKnownFileType = sourcecode.c.h; path = GobanPlayersPreferences.h; sourceTree = "<group>"; };
		F63820090161170801000001 /* GobanPlayersPreferences.m */ = {isa = PBXFileReference; lastKnownFileType = sourcecode.c.objc; path = GobanPlayersPreferences.m; sourceTree = "<group>"; };
		F638200B0161170801000001 /* English */ = {isa = PBXFileReference; lastKnownFileType = wrapper.nib; name = English; path = English.lproj/GobanPlayersPreferences.nib; sourceTree = "<group>"; };
		F638200C0161170801000001 /* GobanSoundPreferences.h */ = {isa = PBXFileReference; lastKnownFileType = sourcecode.c.h; path = GobanSoundPreferences.h; sourceTree = "<group>"; };
		F638200D0161170801000001 /* GobanSoundPreferences.m */ = {isa = PBXFileReference; lastKnownFileType = sourcecode.c.objc; path = GobanSoundPreferences.m; sourceTree = "<group>"; };
		F638200F0161170801000001 /* English */ = {isa = PBXFileReference; lastKnownFileType = wrapper.nib; name = English; path = English.lproj/GobanSoundPreferences.nib; sourceTree = "<group>"; };
		F638953C016500DD01BA2653 /* GobanPlayerDefaults.h */ = {isa = PBXFileReference; lastKnownFileType = sourcecode.c.h; path = GobanPlayerDefaults.h; sourceTree = "<group>"; };
		F638953D016500DD01BA2653 /* GobanPlayerDefaults.m */ = {isa = PBXFileReference; lastKnownFileType = sourcecode.c.objc; path = GobanPlayerDefaults.m; sourceTree = "<group>"; };
		F639E67E015BC8B201000001 /* GobanInspector.h */ = {isa = PBXFileReference; lastKnownFileType = sourcecode.c.h; path = GobanInspector.h; sourceTree = "<group>"; };
		F63BD095015EAAAE01000001 /* GobanProgramPlayer.h */ = {isa = PBXFileReference; lastKnownFileType = sourcecode.c.h; path = GobanProgramPlayer.h; sourceTree = "<group>"; };
		F63BD096015EAAAE01000001 /* GobanProgramPlayer.m */ = {isa = PBXFileReference; lastKnownFileType = sourcecode.c.objc; path = GobanProgramPlayer.m; sourceTree = "<group>"; };
		F6423721014BD0D101000001 /* GoGameNode.h */ = {isa = PBXFileReference; lastKnownFileType = sourcecode.c.h; name = GoGameNode.h; path = GoGame/GoGameNode.h; sourceTree = SOURCE_ROOT; };
		F6423722014BD0D101000001 /* GoGameNode.m */ = {isa = PBXFileReference; lastKnownFileType = sourcecode.c.objc; name = GoGameNode.m; path = GoGame/GoGameNode.m; sourceTree = SOURCE_ROOT; };
		F642372D014C226101000001 /* GoMove.h */ = {isa = PBXFileReference; lastKnownFileType = sourcecode.c.h; name = GoMove.h; path = GoGame/GoMove.h; sourceTree = SOURCE_ROOT; };
		F642372E014C226101000001 /* GoMove.m */ = {isa = PBXFileReference; lastKnownFileType = sourcecode.c.objc; name = GoMove.m; path = GoGame/GoMove.m; sourceTree = SOURCE_ROOT; };
		F64E01A600BC8B7201000001 /* SenFoundation.framework */ = {isa = PBXFileReference; lastKnownFileType = wrapper.framework; path = SenFoundation.framework; sourceTree = BUILT_PRODUCTS_DIR; };
		F64E01A700BC8B7201000001 /* SenFoundation.framework */ = {isa = PBXFileReference; lastKnownFileType = wrapper.framework; path = SenFoundation.framework; sourceTree = BUILT_PRODUCTS_DIR; };
		F656EED1016BCCC7011CF5BC /* General.tiff */ = {isa = PBXFileReference; lastKnownFileType = image.tiff; path = General.tiff; sourceTree = "<group>"; };
		F656EED2016BCCC7011CF5BC /* Display.tiff */ = {isa = PBXFileReference; lastKnownFileType = image.tiff; path = Display.tiff; sourceTree = "<group>"; };
		F656EED3016BCCC7011CF5BC /* Sound.tiff */ = {isa = PBXFileReference; lastKnownFileType = image.tiff; path = Sound.tiff; sourceTree = "<group>"; };
		F656EED4016BCCC7011CF5BC /* Speech.tiff */ = {isa = PBXFileReference; lastKnownFileType = image.tiff; path = Speech.tiff; sourceTree = "<group>"; };
		F656EED5016BCCC7011CF5BC /* Players.tiff */ = {isa = PBXFileReference; lastKnownFileType = image.tiff; path = Players.tiff; sourceTree = "<group>"; };
		F66AAE4D00DA6C2801000001 /* SenteGoban.tiff */ = {isa = PBXFileReference; lastKnownFileType = image.tiff; path = SenteGoban.tiff; sourceTree = "<group>"; };
		F6A4904800C18AC901000001 /* English */ = {isa = PBXFileReference; lastKnownFileType = folder; name = English; path = English.lproj/GobanHelp; sourceTree = "<group>"; };
		F6B2DADB0166615B01A37789 /* GobanUser.h */ = {isa = PBXFileReference; lastKnownFileType = sourcecode.c.h; path = GobanUser.h; sourceTree = "<group>"; };
		F6B2DADC0166615B01A37789 /* GobanUser.m */ = {isa = PBXFileReference; lastKnownFileType = sourcecode.c.objc; path = GobanUser.m; sourceTree = "<group>"; };
		F6B2DAE5016664E601A37789 /* GobanGnuGoPlayerEditor.h */ = {isa = PBXFileReference; lastKnownFileType = sourcecode.c.h; path = GobanGnuGoPlayerEditor.h; sourceTree = "<group>"; };
		F6B2DAE6016664E601A37789 /* GobanGnuGoPlayerEditor.m */ = {isa = PBXFileReference; lastKnownFileType = sourcecode.c.objc; path = GobanGnuGoPlayerEditor.m; sourceTree = "<group>"; };
		F6B2DAEA0166658601A37789 /* English */ = {isa = PBXFileReference; lastKnownFileType = wrapper.nib; name = English; path = English.lproj/GobanGnuGoPlayerEditor.nib; sourceTree = "<group>"; };
		F6B2DAEC0166658601A37789 /* English */ = {isa = PBXFileReference; lastKnownFileType = wrapper.nib; name = English; path = English.lproj/GobanProgramPlayerEditor.nib; sourceTree = "<group>"; };
		F6B2DAEF016669D801A37789 /* GobanPlayerEditor.h */ = {isa = PBXFileReference; lastKnownFileType = sourcecode.c.h; path = GobanPlayerEditor.h; sourceTree = "<group>"; };
		F6B2DAF0016669D801A37789 /* GobanPlayerEditor.m */ = {isa = PBXFileReference; lastKnownFileType = sourcecode.c.objc; path = GobanPlayerEditor.m; sourceTree = "<group>"; };
		F6B2DAF601666FF901A37789 /* GobanProgramPlayerEditor.h */ = {isa = PBXFileReference; lastKnownFileType = sourcecode.c.h; path = GobanProgramPlayerEditor.h; sourceTree = "<group>"; };
		F6B2DAF701666FF901A37789 /* GobanProgramPlayerEditor.m */ = {isa = PBXFileReference; lastKnownFileType = sourcecode.c.objc; path = GobanProgramPlayerEditor.m; sourceTree = "<group>"; };
		F6B2DAFC01677A5401A37789 /* GobanInspector.m */ = {isa = PBXFileReference; lastKnownFileType = sourcecode.c.objc; path = GobanInspector.m; sourceTree = "<group>"; };
		F6C98DD1016A275401A80011 /* License.txt */ = {isa = PBXFileReference; lastKnownFileType = text; path = License.txt; sourceTree = "<group>"; };
		F6E216A900BD836A01000001 /* ApplicationServices.framework */ = {isa = PBXFileReference; lastKnownFileType = wrapper.framework; name = ApplicationServices.framework; path = /System/Library/Frameworks/ApplicationServices.framework; sourceTree = "<absolute>"; };
		F6F9368C0167947501B0693B /* Inspectors.plist */ = {isa = PBXFileReference; lastKnownFileType = text.plist; path = Inspectors.plist; sourceTree = "<group>"; };
		F6F9368E0167959901B0693B /* Preferences.plist */ = {isa = PBXFileReference; lastKnownFileType = text.plist; path = Preferences.plist; sourceTree = "<group>"; };
		F6F936900167985401B0693B /* sgf_LICENSE.txt */ = {isa = PBXFileReference; lastKnownFileType = text; path = sgf_LICENSE.txt; sourceTree = "<group>"; };
/* End PBXFileReference section */

/* Begin PBXFrameworksBuildPhase section */
		43B8D0070DC05906001128F3 /* Frameworks */ = {
			isa = PBXFrameworksBuildPhase;
			buildActionMask = 2147483647;
			files = (
				43B8D0290DC059E2001128F3 /* Foundation.framework in Frameworks */,
				43B8D02A0DC059E2001128F3 /* SenFoundation.framework in Frameworks */,
			);
			runOnlyForDeploymentPostprocessing = 0;
		};
		43B8D0800DC05B96001128F3 /* Frameworks */ = {
			isa = PBXFrameworksBuildPhase;
			buildActionMask = 2147483647;
			files = (
				43B8D0930DC05BF5001128F3 /* AppKit.framework in Frameworks */,
				43B8D0940DC05BF5001128F3 /* ApplicationServices.framework in Frameworks */,
				43B8D0950DC05BF5001128F3 /* Foundation.framework in Frameworks */,
				43B8D0960DC05BF5001128F3 /* SenFoundation.framework in Frameworks */,
				43B8D08A0DC05BB4001128F3 /* GoGame.framework in Frameworks */,
			);
			runOnlyForDeploymentPostprocessing = 0;
		};
/* End PBXFrameworksBuildPhase section */

/* Begin PBXGroup section */
		011B8864003333ECC0A80006 /* GoGame */ = {
			isa = PBXGroup;
			children = (
				011B88660033343DC0A80006 /* GoGame.h */,
				011B88670033343DC0A80006 /* GoGame.m */,
				011B88690033343DC0A80006 /* GoGeometry.h */,
				011B886A0033343DC0A80006 /* GoGeometry.m */,
				011B886D0033343DC0A80006 /* GoPoint.h */,
				011B886E0033343DC0A80006 /* GoPoint.m */,
				011B886F0033343DC0A80006 /* GoPosition.h */,
				011B88700033343DC0A80006 /* GoPosition.m */,
				011B88710033343DC0A80006 /* GoPositionPointEnumerator.h */,
				011B88720033343DC0A80006 /* GoPositionPointEnumerator.m */,
				011B88730033343DC0A80006 /* GoRuleSet.h */,
				011B88740033343DC0A80006 /* GoRuleSet.m */,
				011B88750033343DC0A80006 /* GoSymbol.h */,
				011B88760033343DC0A80006 /* GoSymbol.m */,
				F6423721014BD0D101000001 /* GoGameNode.h */,
				F6423722014BD0D101000001 /* GoGameNode.m */,
				F642372D014C226101000001 /* GoMove.h */,
				F642372E014C226101000001 /* GoMove.m */,
				F634A44B014D53E701000001 /* GoGameTree.h */,
				F634A44C014D53E701000001 /* GoGameTree.m */,
				011B889200333C1DC0A80006 /* SmartGameFormat */,
				011B88880033358FC0A80006 /* Resources */,
				011B88890033358FC0A80006 /* Frameworks */,
			);
			path = GoGame;
			sourceTree = "<group>";
		};
		011B8865003333ECC0A80006 /* Goban */ = {
			isa = PBXGroup;
			children = (
				011B8846003323B1C0A80006 /* Goban.nib */,
				00F1B184008520247F000001 /* GobanApplicationDelegate.h */,
				00F1B185008520247F000001 /* GobanApplicationDelegate.m */,
				011B8806003322FCC0A80006 /* GobanGameDocument.h */,
				011B8807003322FCC0A80006 /* GobanGameDocument.m */,
				011B8849003323B1C0A80006 /* GobanGameDocument.nib */,
				664D73FA00808C7C7F000001 /* GobanToolbar.h */,
				664D73FB00808C7C7F000001 /* GobanToolbar.m */,
				053CBFCB003342BEC0A80006 /* InfoPanelController.h */,
				053CBFCC003342BEC0A80006 /* InfoPanelController.m */,
				011B884F003323B1C0A80006 /* InfoPanel.nib */,
				0115B0D100D941AF7F000001 /* GobanCell.h */,
				0115B0D200D941AF7F000001 /* GobanCell.m */,
				053CBFC100333F6FC0A80006 /* GobanMatrix.h */,
				053CBFC200333F6FC0A80006 /* GobanMatrix.m */,
				045C3D8B006D3D487F000001 /* GobanView.h */,
				045C3D8C006D3D487F000001 /* GobanView.m */,
				044A809C00CDB7D47F000001 /* GobanBoardView.h */,
				044A809D00CDB7D47F000001 /* GobanBoardView.m */,
				018CE32200D2B3FA7F000001 /* GobanGoke.h */,
				018CE32300D2B3FA7F000001 /* GobanGoke.m */,
				F61272F300CA541401000001 /* SenInterfaceValidation.h */,
				F61272F400CA541401000001 /* SenInterfaceValidation.m */,
				011B8812003322FCC0A80006 /* Goban_main.m */,
				F61573C201692CDD01302650 /* GobanProgressItem.h */,
				F61573C301692CDD01302650 /* GobanProgressItem.m */,
			);
			name = Goban;
			sourceTree = "<group>";
		};
		011B88880033358FC0A80006 /* Resources */ = {
			isa = PBXGroup;
			children = (
				011B88680033343DC0A80006 /* GoGameDefaults.plist */,
			);
			name = Resources;
			sourceTree = "<group>";
		};
		011B88890033358FC0A80006 /* Frameworks */ = {
			isa = PBXGroup;
			children = (
				011B888B0033358FC0A80006 /* Foundation.framework */,
				F64E01A700BC8B7201000001 /* SenFoundation.framework */,
			);
			name = Frameworks;
			sourceTree = "<group>";
		};
		011B889200333C1DC0A80006 /* SmartGameFormat */ = {
			isa = PBXGroup;
			children = (
				F6F936900167985401B0693B /* sgf_LICENSE.txt */,
				0D8DD65400EF20067F000001 /* sgf.c */,
				0D8DD65500EF20067F000001 /* sgf.h */,
			);
			name = SmartGameFormat;
			path = SmartGoFormat;
			sourceTree = SOURCE_ROOT;
		};
		045C3D92006DFBF37F000001 /* Resources */ = {
			isa = PBXGroup;
			children = (
				43B8D00A0DC05906001128F3 /* GoGame-Info.plist */,
				02E199A800A0C9B57F000001 /* ToDo.notes */,
				045C3D93006DFC677F000001 /* Defaults.plist */,
				00ED9B8A00825ED47F000001 /* Localizable.strings */,
				F6A4905000C18C9701000001 /* GobanHelp */,
				0115B0DA00D96A987F000001 /* BlackStones */,
				0115B0DB00D96A987F000001 /* WhiteStones */,
				0A0DA89B00335300C0A80006 /* Gnugo */,
				F6C98DD1016A275401A80011 /* License.txt */,
			);
			name = Resources;
			sourceTree = "<group>";
		};
		053CBFC500333FFFC0A80006 /* GoModemProtocol */ = {
			isa = PBXGroup;
			children = (
				053CBFC600333FFFC0A80006 /* gmp.c */,
				053CBFC700333FFFC0A80006 /* gmp.h */,
			);
			name = GoModemProtocol;
			sourceTree = "<group>";
		};
		0A0DA89B00335300C0A80006 /* Gnugo */ = {
			isa = PBXGroup;
			children = (
				0A0DA89C00335300C0A80006 /* gnugo */,
			);
			name = Gnugo;
			sourceTree = "<group>";
		};
		19C28FB0FE9D524F11CA2CBB /* Products */ = {
			isa = PBXGroup;
			children = (
				43B8D0090DC05906001128F3 /* GoGame.framework */,
				43B8D0820DC05B96001128F3 /* Goban.app */,
			);
			name = Products;
			sourceTree = "<group>";
		};
		1AE297B2008533867F000001 /* Sounds */ = {
			isa = PBXGroup;
			children = (
				172B40780083B18F7F000001 /* Tock.aiff */,
				00F1B188008523C07F000001 /* Tink.aiff */,
			);
			name = Sounds;
			sourceTree = "<group>";
		};
		2A37F4AAFDCFA73011CA2CEA /* Goban */ = {
			isa = PBXGroup;
			children = (
				011B8865003333ECC0A80006 /* Goban */,
				F638954001651CA201BA2653 /* Inspectors */,
				F6381FF60161102701000001 /* Preferences */,
				F6368078014140EC01000001 /* Players */,
				011B8864003333ECC0A80006 /* GoGame */,
				045C3D92006DFBF37F000001 /* Resources */,
				F63260DD0169013301C4F437 /* Images */,
				1AE297B2008533867F000001 /* Sounds */,
				2A37F4C3FDCFA73011CA2CEA /* Frameworks */,
				19C28FB0FE9D524F11CA2CBB /* Products */,
				43B8D0840DC05B96001128F3 /* Goban-Info.plist */,
			);
			name = Goban;
			sourceTree = "<group>";
		};
		2A37F4C3FDCFA73011CA2CEA /* Frameworks */ = {
			isa = PBXGroup;
			children = (
				2A37F4C5FDCFA73011CA2CEA /* Foundation.framework */,
				2A37F4C4FDCFA73011CA2CEA /* AppKit.framework */,
				F64E01A600BC8B7201000001 /* SenFoundation.framework */,
				F6E216A900BD836A01000001 /* ApplicationServices.framework */,
			);
			name = Frameworks;
			sourceTree = "<group>";
		};
		F63260DD0169013301C4F437 /* Images */ = {
			isa = PBXGroup;
			children = (
				44AF327400D43FA97F000001 /* sparrows.tiff */,
				011B882B00332332C0A80006 /* Opponents.tiff */,
				053CBFCF003342D8C0A80006 /* Goban.icns */,
				053CBFD0003342D8C0A80006 /* sgf.icns */,
				664D73F0008081A27F000001 /* Info.tiff */,
				664D73F1008081A27F000001 /* Pass.tiff */,
				664D73F2008081A27F000001 /* Play.tiff */,
				664D73F3008081A27F000001 /* Resign.tiff */,
				0109709400D04A387F000001 /* KayaBoard.png */,
				664D73F4008081A27F000001 /* Undo.tiff */,
				155CF8D400D433EA7F000001 /* Dame.tiff */,
				155CF8D900D434037F000001 /* BlackStone.tiff */,
				155CF8D300D433EA7F000001 /* BlackTerritory.tiff */,
				155CF8E100D436127F000001 /* BlackPrisonerCaption.tiff */,
				155CF8DE00D4341A7F000001 /* WhiteStone.tiff */,
				155CF8D500D433EA7F000001 /* WhiteTerritory.tiff */,
				155CF8E200D436127F000001 /* WhitePrisonerCaption.tiff */,
				F66AAE4D00DA6C2801000001 /* SenteGoban.tiff */,
				F656EED1016BCCC7011CF5BC /* General.tiff */,
				F656EED2016BCCC7011CF5BC /* Display.tiff */,
				F656EED3016BCCC7011CF5BC /* Sound.tiff */,
				F656EED4016BCCC7011CF5BC /* Speech.tiff */,
				F656EED5016BCCC7011CF5BC /* Players.tiff */,
			);
			name = Images;
			sourceTree = "<group>";
		};
		F6368078014140EC01000001 /* Players */ = {
			isa = PBXGroup;
			children = (
				011B880E003322FCC0A80006 /* GobanPlayer.h */,
				011B880F003322FCC0A80006 /* GobanPlayer.m */,
				011B880C003322FCC0A80006 /* GobanHumanPlayer.h */,
				011B880D003322FCC0A80006 /* GobanHumanPlayer.m */,
				F63BD095015EAAAE01000001 /* GobanProgramPlayer.h */,
				F63BD096015EAAAE01000001 /* GobanProgramPlayer.m */,
				011B8808003322FCC0A80006 /* GobanGMPPlayer.h */,
				011B8809003322FCC0A80006 /* GobanGMPPlayer.m */,
				F62D3784015E0B4E01000001 /* GobanGTPPlayer.h */,
				F62D3785015E0B4E01000001 /* GobanGTPPlayer.m */,
				F6381FEC016104EF01000001 /* GobanGnuGoPlayer.h */,
				F6381FED016104EF01000001 /* GobanGnuGoPlayer.m */,
				F638953C016500DD01BA2653 /* GobanPlayerDefaults.h */,
				F638953D016500DD01BA2653 /* GobanPlayerDefaults.m */,
				F6B2DADB0166615B01A37789 /* GobanUser.h */,
				F6B2DADC0166615B01A37789 /* GobanUser.m */,
				053CBFC500333FFFC0A80006 /* GoModemProtocol */,
			);
			name = Players;
			sourceTree = "<group>";
		};
		F6381FF60161102701000001 /* Preferences */ = {
			isa = PBXGroup;
			children = (
				F6F9368E0167959901B0693B /* Preferences.plist */,
				011B8810003322FCC0A80006 /* GobanPreferenceController.h */,
				011B8811003322FCC0A80006 /* GobanPreferenceController.m */,
				011B884B003323B1C0A80006 /* GobanPreferenceController.nib */,
				F6381FFD016111A701000001 /* GobanPreferences.h */,
				F6381FFE016111A701000001 /* GobanPreferences.m */,
				F6381FF90161110401000001 /* GobanGeneralPreferences.h */,
				F6381FFA0161110401000001 /* GobanGeneralPreferences.m */,
				F6382001016115B701000001 /* GobanGeneralPreferences.nib */,
				F63820040161170801000001 /* GobanDisplayPreferences.h */,
				F63820050161170801000001 /* GobanDisplayPreferences.m */,
				F63820060161170801000001 /* GobanDisplayPreferences.nib */,
				F63820080161170801000001 /* GobanPlayersPreferences.h */,
				F63820090161170801000001 /* GobanPlayersPreferences.m */,
				F638200A0161170801000001 /* GobanPlayersPreferences.nib */,
				F638200C0161170801000001 /* GobanSoundPreferences.h */,
				F638200D0161170801000001 /* GobanSoundPreferences.m */,
				F638200E0161170801000001 /* GobanSoundPreferences.nib */,
				F6B2DAEF016669D801A37789 /* GobanPlayerEditor.h */,
				F6B2DAF0016669D801A37789 /* GobanPlayerEditor.m */,
				F6B2DAF601666FF901A37789 /* GobanProgramPlayerEditor.h */,
				F6B2DAF701666FF901A37789 /* GobanProgramPlayerEditor.m */,
				F6B2DAEB0166658601A37789 /* GobanProgramPlayerEditor.nib */,
				F6B2DAE5016664E601A37789 /* GobanGnuGoPlayerEditor.h */,
				F6B2DAE6016664E601A37789 /* GobanGnuGoPlayerEditor.m */,
				F6B2DAE90166658601A37789 /* GobanGnuGoPlayerEditor.nib */,
			);
			name = Preferences;
			sourceTree = "<group>";
		};
		F638954001651CA201BA2653 /* Inspectors */ = {
			isa = PBXGroup;
			children = (
				F6F9368C0167947501B0693B /* Inspectors.plist */,
				F622570700C8E30C01000001 /* GobanInspectorController.h */,
				F622570800C8E30C01000001 /* GobanInspectorController.m */,
				F639E67E015BC8B201000001 /* GobanInspector.h */,
				F6B2DAFC01677A5401A37789 /* GobanInspector.m */,
				045C3D9F006E9FF27F000001 /* GobanRulesInspector.h */,
				045C3DA0006E9FF27F000001 /* GobanRulesInspector.m */,
				045C3D9B006E9ED87F000001 /* GobanRulesInspector.nib */,
				2C9A0699007FC95E7F000001 /* GobanScoreInspector.h */,
				2C9A069A007FC95E7F000001 /* GobanScoreInspector.m */,
				045C3D99006E9ED87F000001 /* GobanScoreInspector.nib */,
				1543F67B00DD31237F000001 /* GobanMoveInspector.h */,
				1543F67C00DD31237F000001 /* GobanMoveInspector.m */,
				1543F67800DD003A7F000001 /* GobanMoveInspector.nib */,
				1543F68800DD643B7F000001 /* GobanContextInspector.nib */,
				1543F68500DD61B57F000001 /* GobanCopyrightInspector.nib */,
				1543F68200DD60C07F000001 /* GobanGeneralInspector.nib */,
			);
			name = Inspectors;
			sourceTree = "<group>";
		};
/* End PBXGroup section */

/* Begin PBXHeadersBuildPhase section */
		43B8D0040DC05906001128F3 /* Headers */ = {
			isa = PBXHeadersBuildPhase;
			buildActionMask = 2147483647;
			files = (
				43B8D0110DC0599F001128F3 /* GoGame.h in Headers */,
				43B8D0120DC0599F001128F3 /* GoGameNode.h in Headers */,
				43B8D0130DC0599F001128F3 /* GoGameTree.h in Headers */,
				43B8D0140DC0599F001128F3 /* GoGeometry.h in Headers */,
				43B8D0150DC0599F001128F3 /* GoMove.h in Headers */,
				43B8D0160DC0599F001128F3 /* GoPoint.h in Headers */,
				43B8D0170DC0599F001128F3 /* GoPosition.h in Headers */,
				43B8D0180DC0599F001128F3 /* GoPositionPointEnumerator.h in Headers */,
				43B8D0190DC0599F001128F3 /* GoRuleSet.h in Headers */,
				43B8D01A0DC0599F001128F3 /* GoSymbol.h in Headers */,
				43B8D01B0DC0599F001128F3 /* sgf.h in Headers */,
			);
			runOnlyForDeploymentPostprocessing = 0;
		};
		43B8D52B0DC0605F001128F3 /* Headers */ = {
			isa = PBXHeadersBuildPhase;
			buildActionMask = 2147483647;
			files = (
				43B8D4FC0DC0604E001128F3 /* gmp.h in Headers */,
				43B8D4FD0DC0604E001128F3 /* GobanApplicationDelegate.h in Headers */,
				43B8D4FE0DC0604E001128F3 /* GobanBoardView.h in Headers */,
				43B8D4FF0DC0604E001128F3 /* GobanCell.h in Headers */,
				43B8D5000DC0604E001128F3 /* GobanDisplayPreferences.h in Headers */,
				43B8D5010DC0604E001128F3 /* GobanGameDocument.h in Headers */,
				43B8D5020DC0604E001128F3 /* GobanGeneralPreferences.h in Headers */,
				43B8D5030DC0604E001128F3 /* GobanGMPPlayer.h in Headers */,
				43B8D5040DC0604E001128F3 /* GobanGnuGoPlayer.h in Headers */,
				43B8D5050DC0604E001128F3 /* GobanGnuGoPlayerEditor.h in Headers */,
				43B8D5060DC0604E001128F3 /* GobanGoke.h in Headers */,
				43B8D5070DC0604E001128F3 /* GobanGTPPlayer.h in Headers */,
				43B8D5080DC0604E001128F3 /* GobanHumanPlayer.h in Headers */,
				43B8D5090DC0604E001128F3 /* GobanInspector.h in Headers */,
				43B8D50A0DC0604E001128F3 /* GobanInspectorController.h in Headers */,
				43B8D50B0DC0604E001128F3 /* GobanMatrix.h in Headers */,
				43B8D50C0DC0604E001128F3 /* GobanMoveInspector.h in Headers */,
				43B8D50D0DC0604E001128F3 /* GobanPlayer.h in Headers */,
				43B8D50E0DC0604E001128F3 /* GobanPlayerDefaults.h in Headers */,
				43B8D50F0DC0604E001128F3 /* GobanPlayerEditor.h in Headers */,
				43B8D5100DC0604E001128F3 /* GobanPlayersPreferences.h in Headers */,
				43B8D5110DC0604E001128F3 /* GobanPreferenceController.h in Headers */,
				43B8D5120DC0604E001128F3 /* GobanPreferences.h in Headers */,
				43B8D5130DC0604E001128F3 /* GobanProgramPlayer.h in Headers */,
				43B8D5140DC0604E001128F3 /* GobanProgramPlayerEditor.h in Headers */,
				43B8D5150DC0604E001128F3 /* GobanProgressItem.h in Headers */,
				43B8D5160DC0604E001128F3 /* GobanRulesInspector.h in Headers */,
				43B8D5170DC0604E001128F3 /* GobanScoreInspector.h in Headers */,
				43B8D5180DC0604E001128F3 /* GobanSoundPreferences.h in Headers */,
				43B8D5190DC0604E001128F3 /* GobanToolbar.h in Headers */,
				43B8D51A0DC0604E001128F3 /* GobanUser.h in Headers */,
				43B8D51B0DC0604E001128F3 /* GobanView.h in Headers */,
				43B8D51C0DC0604E001128F3 /* InfoPanelController.h in Headers */,
				43B8D51D0DC0604E001128F3 /* SenInterfaceValidation.h in Headers */,
			);
			runOnlyForDeploymentPostprocessing = 0;
		};
/* End PBXHeadersBuildPhase section */

/* Begin PBXNativeTarget section */
		43B8D0080DC05906001128F3 /* GoGame */ = {
			isa = PBXNativeTarget;
			buildConfigurationList = 43B8D00E0DC05907001128F3 /* Build configuration list for PBXNativeTarget "GoGame" */;
			buildPhases = (
				43B8D0040DC05906001128F3 /* Headers */,
				43B8D0050DC05906001128F3 /* Resources */,
				43B8D0060DC05906001128F3 /* Sources */,
				43B8D0070DC05906001128F3 /* Frameworks */,
				43B8D0450DC05A29001128F3 /* CopyFiles */,
			);
			buildRules = (
			);
			dependencies = (
			);
			name = GoGame;
			productName = GoGame;
			productReference = 43B8D0090DC05906001128F3 /* GoGame.framework */;
			productType = "com.apple.product-type.framework";
		};
		43B8D0810DC05B96001128F3 /* Goban */ = {
			isa = PBXNativeTarget;
			buildConfigurationList = 43B8D0870DC05B97001128F3 /* Build configuration list for PBXNativeTarget "Goban" */;
			buildPhases = (
				43B8D52B0DC0605F001128F3 /* Headers */,
				43B8D07E0DC05B96001128F3 /* Resources */,
				43B8D07F0DC05B96001128F3 /* Sources */,
				43B8D0800DC05B96001128F3 /* Frameworks */,
				43B8D4970DC05C7F001128F3 /* CopyFiles */,
			);
			buildRules = (
			);
			dependencies = (
				43B8D0890DC05BAB001128F3 /* PBXTargetDependency */,
			);
			name = Goban;
			productName = Goban;
			productReference = 43B8D0820DC05B96001128F3 /* Goban.app */;
			productType = "com.apple.product-type.application";
		};
/* End PBXNativeTarget section */

/* Begin PBXProject section */
		2A37F4A9FDCFA73011CA2CEA /* Project object */ = {
			isa = PBXProject;
			buildConfigurationList = 43CD7D330DBFCD8300644FF2 /* Build configuration list for PBXProject "Goban" */;
			compatibilityVersion = "Xcode 2.4";
			hasScannedForEncodings = 0;
			mainGroup = 2A37F4AAFDCFA73011CA2CEA /* Goban */;
			projectDirPath = "";
			projectRoot = "";
			targets = (
				43B8D0810DC05B96001128F3 /* Goban */,
				43B8D0080DC05906001128F3 /* GoGame */,
			);
		};
/* End PBXProject section */

/* Begin PBXResourcesBuildPhase section */
		43B8D0050DC05906001128F3 /* Resources */ = {
			isa = PBXResourcesBuildPhase;
			buildActionMask = 2147483647;
			files = (
				43B8D01D0DC059D4001128F3 /* GoGameDefaults.plist in Resources */,
			);
			runOnlyForDeploymentPostprocessing = 0;
		};
		43B8D07E0DC05B96001128F3 /* Resources */ = {
			isa = PBXResourcesBuildPhase;
			buildActionMask = 2147483647;
			files = (
				43B8D43C0DC05C27001128F3 /* BlackPrisonerCaption.tiff in Resources */,
				43B8D43D0DC05C27001128F3 /* BlackStone.tiff in Resources */,
				43B8D43E0DC05C27001128F3 /* BlackStones in Resources */,
				43B8D43F0DC05C27001128F3 /* BlackTerritory.tiff in Resources */,
				43B8D4400DC05C27001128F3 /* Dame.tiff in Resources */,
				43B8D4410DC05C27001128F3 /* Defaults.plist in Resources */,
				43B8D4420DC05C27001128F3 /* Display.tiff in Resources */,
				43B8D4430DC05C27001128F3 /* General.tiff in Resources */,
				43B8D4440DC05C27001128F3 /* gnugo in Resources */,
				43B8D4450DC05C27001128F3 /* Goban.icns in Resources */,
				43B8D4460DC05C27001128F3 /* Goban.nib in Resources */,
				43B8D4470DC05C27001128F3 /* GobanContextInspector.nib in Resources */,
				43B8D4480DC05C27001128F3 /* GobanCopyrightInspector.nib in Resources */,
				43B8D4490DC05C27001128F3 /* GobanDisplayPreferences.nib in Resources */,
				43B8D44A0DC05C27001128F3 /* GobanGameDocument.nib in Resources */,
				43B8D44B0DC05C27001128F3 /* GobanGeneralInspector.nib in Resources */,
				43B8D44C0DC05C27001128F3 /* GobanGeneralPreferences.nib in Resources */,
				43B8D44D0DC05C27001128F3 /* GobanGnuGoPlayerEditor.nib in Resources */,
				43B8D44E0DC05C27001128F3 /* GobanHelp in Resources */,
				43B8D44F0DC05C27001128F3 /* GobanMoveInspector.nib in Resources */,
				43B8D4500DC05C27001128F3 /* GobanPlayersPreferences.nib in Resources */,
				43B8D4510DC05C27001128F3 /* GobanPreferenceController.nib in Resources */,
				43B8D4520DC05C27001128F3 /* GobanProgramPlayerEditor.nib in Resources */,
				43B8D4530DC05C27001128F3 /* GobanRulesInspector.nib in Resources */,
				43B8D4540DC05C27001128F3 /* GobanScoreInspector.nib in Resources */,
				43B8D4550DC05C27001128F3 /* GobanSoundPreferences.nib in Resources */,
				43B8D4560DC05C27001128F3 /* Info.tiff in Resources */,
				43B8D4570DC05C27001128F3 /* InfoPanel.nib in Resources */,
				43B8D4580DC05C27001128F3 /* Inspectors.plist in Resources */,
				43B8D4590DC05C27001128F3 /* KayaBoard.png in Resources */,
				43B8D45A0DC05C27001128F3 /* License.txt in Resources */,
				43B8D45B0DC05C27001128F3 /* Localizable.strings in Resources */,
				43B8D45C0DC05C27001128F3 /* Opponents.tiff in Resources */,
				43B8D45D0DC05C27001128F3 /* Pass.tiff in Resources */,
				43B8D45E0DC05C27001128F3 /* Play.tiff in Resources */,
				43B8D45F0DC05C27001128F3 /* Players.tiff in Resources */,
				43B8D4600DC05C27001128F3 /* Preferences.plist in Resources */,
				43B8D4610DC05C27001128F3 /* Resign.tiff in Resources */,
				43B8D4620DC05C27001128F3 /* SenteGoban.tiff in Resources */,
				43B8D4630DC05C27001128F3 /* sgf.icns in Resources */,
				43B8D4640DC05C27001128F3 /* Sound.tiff in Resources */,
				43B8D4650DC05C27001128F3 /* sparrows.tiff in Resources */,
				43B8D4660DC05C27001128F3 /* Speech.tiff in Resources */,
				43B8D4670DC05C27001128F3 /* Tink.aiff in Resources */,
				43B8D4680DC05C27001128F3 /* Tock.aiff in Resources */,
				43B8D4690DC05C27001128F3 /* Undo.tiff in Resources */,
				43B8D46A0DC05C27001128F3 /* WhitePrisonerCaption.tiff in Resources */,
				43B8D46B0DC05C27001128F3 /* WhiteStone.tiff in Resources */,
				43B8D46C0DC05C27001128F3 /* WhiteStones in Resources */,
				43B8D46D0DC05C27001128F3 /* WhiteTerritory.tiff in Resources */,
			);
			runOnlyForDeploymentPostprocessing = 0;
		};
/* End PBXResourcesBuildPhase section */

/* Begin PBXSourcesBuildPhase section */
		43B8D0060DC05906001128F3 /* Sources */ = {
			isa = PBXSourcesBuildPhase;
			buildActionMask = 2147483647;
			files = (
				43B8D01E0DC059DB001128F3 /* GoGame.m in Sources */,
				43B8D01F0DC059DB001128F3 /* GoGameNode.m in Sources */,
				43B8D0200DC059DB001128F3 /* GoGameTree.m in Sources */,
				43B8D0210DC059DB001128F3 /* GoGeometry.m in Sources */,
				43B8D0220DC059DB001128F3 /* GoMove.m in Sources */,
				43B8D0230DC059DB001128F3 /* GoPoint.m in Sources */,
				43B8D0240DC059DB001128F3 /* GoPosition.m in Sources */,
				43B8D0250DC059DB001128F3 /* GoPositionPointEnumerator.m in Sources */,
				43B8D0260DC059DB001128F3 /* GoRuleSet.m in Sources */,
				43B8D0270DC059DB001128F3 /* GoSymbol.m in Sources */,
				43B8D0280DC059DB001128F3 /* sgf.c in Sources */,
			);
			runOnlyForDeploymentPostprocessing = 0;
		};
		43B8D07F0DC05B96001128F3 /* Sources */ = {
			isa = PBXSourcesBuildPhase;
			buildActionMask = 2147483647;
			files = (
				43B8D46E0DC05C3A001128F3 /* gmp.c in Sources */,
				43B8D46F0DC05C3A001128F3 /* Goban_main.m in Sources */,
				43B8D4700DC05C3A001128F3 /* GobanApplicationDelegate.m in Sources */,
				43B8D4710DC05C3A001128F3 /* GobanBoardView.m in Sources */,
				43B8D4720DC05C3A001128F3 /* GobanCell.m in Sources */,
				43B8D4730DC05C3A001128F3 /* GobanDisplayPreferences.m in Sources */,
				43B8D4740DC05C3A001128F3 /* GobanGameDocument.m in Sources */,
				43B8D4750DC05C3A001128F3 /* GobanGeneralPreferences.m in Sources */,
				43B8D4760DC05C3A001128F3 /* GobanGMPPlayer.m in Sources */,
				43B8D4770DC05C3A001128F3 /* GobanGnuGoPlayer.m in Sources */,
				43B8D4780DC05C3A001128F3 /* GobanGnuGoPlayerEditor.m in Sources */,
				43B8D4790DC05C3A001128F3 /* GobanGoke.m in Sources */,
				43B8D47A0DC05C3A001128F3 /* GobanGTPPlayer.m in Sources */,
				43B8D47B0DC05C3A001128F3 /* GobanHumanPlayer.m in Sources */,
				43B8D47C0DC05C3A001128F3 /* GobanInspector.m in Sources */,
				43B8D47D0DC05C3A001128F3 /* GobanInspectorController.m in Sources */,
				43B8D47E0DC05C3A001128F3 /* GobanMatrix.m in Sources */,
				43B8D47F0DC05C3A001128F3 /* GobanMoveInspector.m in Sources */,
				43B8D4800DC05C3A001128F3 /* GobanPlayer.m in Sources */,
				43B8D4810DC05C3A001128F3 /* GobanPlayerDefaults.m in Sources */,
				43B8D4820DC05C3A001128F3 /* GobanPlayerEditor.m in Sources */,
				43B8D4830DC05C3A001128F3 /* GobanPlayersPreferences.m in Sources */,
				43B8D4840DC05C3A001128F3 /* GobanPreferenceController.m in Sources */,
				43B8D4850DC05C3A001128F3 /* GobanPreferences.m in Sources */,
				43B8D4860DC05C3A001128F3 /* GobanProgramPlayer.m in Sources */,
				43B8D4870DC05C3A001128F3 /* GobanProgramPlayerEditor.m in Sources */,
				43B8D4880DC05C3A001128F3 /* GobanProgressItem.m in Sources */,
				43B8D4890DC05C3A001128F3 /* GobanRulesInspector.m in Sources */,
				43B8D48A0DC05C3A001128F3 /* GobanScoreInspector.m in Sources */,
				43B8D48B0DC05C3A001128F3 /* GobanSoundPreferences.m in Sources */,
				43B8D48C0DC05C3A001128F3 /* GobanToolbar.m in Sources */,
				43B8D48D0DC05C3A001128F3 /* GobanUser.m in Sources */,
				43B8D48E0DC05C3A001128F3 /* GobanView.m in Sources */,
				43B8D48F0DC05C3A001128F3 /* InfoPanelController.m in Sources */,
				43B8D4900DC05C3A001128F3 /* SenInterfaceValidation.m in Sources */,
			);
			runOnlyForDeploymentPostprocessing = 0;
		};
/* End PBXSourcesBuildPhase section */

/* Begin PBXTargetDependency section */
		43B8D0890DC05BAB001128F3 /* PBXTargetDependency */ = {
			isa = PBXTargetDependency;
			target = 43B8D0080DC05906001128F3 /* GoGame */;
			targetProxy = 43B8D0880DC05BAB001128F3 /* PBXContainerItemProxy */;
		};
/* End PBXTargetDependency section */

/* Begin PBXVariantGroup section */
		00ED9B8A00825ED47F000001 /* Localizable.strings */ = {
			isa = PBXVariantGroup;
			children = (
				00ED9B8800825C877F000001 /* English */,
			);
			name = Localizable.strings;
			sourceTree = "<group>";
		};
		011B8846003323B1C0A80006 /* Goban.nib */ = {
			isa = PBXVariantGroup;
			children = (
				011B8847003323B1C0A80006 /* English */,
			);
			name = Goban.nib;
			sourceTree = "<group>";
		};
		011B8849003323B1C0A80006 /* GobanGameDocument.nib */ = {
			isa = PBXVariantGroup;
			children = (
				011B884A003323B1C0A80006 /* English */,
			);
			name = GobanGameDocument.nib;
			sourceTree = "<group>";
		};
		011B884B003323B1C0A80006 /* GobanPreferenceController.nib */ = {
			isa = PBXVariantGroup;
			children = (
				011B884C003323B1C0A80006 /* English */,
			);
			name = GobanPreferenceController.nib;
			sourceTree = "<group>";
		};
		011B884F003323B1C0A80006 /* InfoPanel.nib */ = {
			isa = PBXVariantGroup;
			children = (
				011B8850003323B1C0A80006 /* English */,
			);
			name = InfoPanel.nib;
			sourceTree = "<group>";
		};
		045C3D99006E9ED87F000001 /* GobanScoreInspector.nib */ = {
			isa = PBXVariantGroup;
			children = (
				045C3D9A006E9ED87F000001 /* English */,
			);
			name = GobanScoreInspector.nib;
			sourceTree = "<group>";
		};
		045C3D9B006E9ED87F000001 /* GobanRulesInspector.nib */ = {
			isa = PBXVariantGroup;
			children = (
				045C3D9C006E9ED87F000001 /* English */,
			);
			name = GobanRulesInspector.nib;
			sourceTree = "<group>";
		};
		1543F67800DD003A7F000001 /* GobanMoveInspector.nib */ = {
			isa = PBXVariantGroup;
			children = (
				1543F67900DD003A7F000001 /* English */,
			);
			name = GobanMoveInspector.nib;
			sourceTree = "<group>";
		};
		1543F68200DD60C07F000001 /* GobanGeneralInspector.nib */ = {
			isa = PBXVariantGroup;
			children = (
				1543F68300DD60C07F000001 /* English */,
			);
			name = GobanGeneralInspector.nib;
			sourceTree = "<group>";
		};
		1543F68500DD61B57F000001 /* GobanCopyrightInspector.nib */ = {
			isa = PBXVariantGroup;
			children = (
				1543F68600DD61B57F000001 /* English */,
			);
			name = GobanCopyrightInspector.nib;
			sourceTree = "<group>";
		};
		1543F68800DD643B7F000001 /* GobanContextInspector.nib */ = {
			isa = PBXVariantGroup;
			children = (
				1543F68900DD643B7F000001 /* English */,
			);
			name = GobanContextInspector.nib;
			sourceTree = "<group>";
		};
		F6382001016115B701000001 /* GobanGeneralPreferences.nib */ = {
			isa = PBXVariantGroup;
			children = (
				F6382002016115B701000001 /* English */,
			);
			name = GobanGeneralPreferences.nib;
			sourceTree = "<group>";
		};
		F63820060161170801000001 /* GobanDisplayPreferences.nib */ = {
			isa = PBXVariantGroup;
			children = (
				F63820070161170801000001 /* English */,
			);
			name = GobanDisplayPreferences.nib;
			sourceTree = "<group>";
		};
		F638200A0161170801000001 /* GobanPlayersPreferences.nib */ = {
			isa = PBXVariantGroup;
			children = (
				F638200B0161170801000001 /* English */,
			);
			name = GobanPlayersPreferences.nib;
			sourceTree = "<group>";
		};
		F638200E0161170801000001 /* GobanSoundPreferences.nib */ = {
			isa = PBXVariantGroup;
			children = (
				F638200F0161170801000001 /* English */,
			);
			name = GobanSoundPreferences.nib;
			sourceTree = "<group>";
		};
		F6A4905000C18C9701000001 /* GobanHelp */ = {
			isa = PBXVariantGroup;
			children = (
				F6A4904800C18AC901000001 /* English */,
			);
			name = GobanHelp;
			sourceTree = "<group>";
		};
		F6B2DAE90166658601A37789 /* GobanGnuGoPlayerEditor.nib */ = {
			isa = PBXVariantGroup;
			children = (
				F6B2DAEA0166658601A37789 /* English */,
			);
			name = GobanGnuGoPlayerEditor.nib;
			sourceTree = "<group>";
		};
		F6B2DAEB0166658601A37789 /* GobanProgramPlayerEditor.nib */ = {
			isa = PBXVariantGroup;
			children = (
				F6B2DAEC0166658601A37789 /* English */,
			);
			name = GobanProgramPlayerEditor.nib;
			sourceTree = "<group>";
		};
/* End PBXVariantGroup section */

/* Begin XCBuildConfiguration section */
		43B8D00B0DC05907001128F3 /* Development */ = {
			isa = XCBuildConfiguration;
			buildSettings = {
				ALWAYS_SEARCH_USER_PATHS = NO;
				ARCHS = "$(ARCHS_STANDARD_32_BIT_PRE_XCODE_3_1)";
				ARCHS_STANDARD_32_BIT_PRE_XCODE_3_1 = "ppc i386";
				COPY_PHASE_STRIP = NO;
				DYLIB_COMPATIBILITY_VERSION = 1;
				DYLIB_CURRENT_VERSION = 1;
				FRAMEWORK_VERSION = A;
				GCC_DYNAMIC_NO_PIC = NO;
				GCC_ENABLE_FIX_AND_CONTINUE = YES;
				GCC_MODEL_TUNING = G5;
				GCC_OPTIMIZATION_LEVEL = 0;
				GCC_PRECOMPILE_PREFIX_HEADER = YES;
				GCC_TREAT_WARNINGS_AS_ERRORS = YES;
				INFOPLIST_FILE = "GoGame-Info.plist";
				INSTALL_PATH = "@executable_path/../Frameworks";
				OTHER_CFLAGS = "-DDEBUG";
				OTHER_LDFLAGS = (
					"-framework",
					Foundation,
				);
				PREBINDING = NO;
				PRODUCT_NAME = GoGame;
			};
			name = Development;
		};
		43B8D00C0DC05907001128F3 /* Release */ = {
			isa = XCBuildConfiguration;
			buildSettings = {
				ALWAYS_SEARCH_USER_PATHS = NO;
				ARCHS = "$(ARCHS_STANDARD_32_BIT_PRE_XCODE_3_1)";
				ARCHS_STANDARD_32_BIT_PRE_XCODE_3_1 = "ppc i386";
				COPY_PHASE_STRIP = YES;
				DEBUG_INFORMATION_FORMAT = "dwarf-with-dsym";
				DYLIB_COMPATIBILITY_VERSION = 1;
				DYLIB_CURRENT_VERSION = 1;
				FRAMEWORK_VERSION = A;
				GCC_ENABLE_FIX_AND_CONTINUE = NO;
				GCC_MODEL_TUNING = G5;
				GCC_PRECOMPILE_PREFIX_HEADER = YES;
				INFOPLIST_FILE = "GoGame-Info.plist";
				INSTALL_PATH = "@executable_path/../Frameworks";
				OTHER_LDFLAGS = (
					"-framework",
					Foundation,
				);
				PREBINDING = NO;
				PRODUCT_NAME = GoGame;
				ZERO_LINK = NO;
			};
			name = Release;
		};
		43B8D0850DC05B97001128F3 /* Development */ = {
			isa = XCBuildConfiguration;
			buildSettings = {
				ALWAYS_SEARCH_USER_PATHS = NO;
				ARCHS = "$(ARCHS_STANDARD_32_BIT_PRE_XCODE_3_1)";
				ARCHS_STANDARD_32_BIT_PRE_XCODE_3_1 = "ppc i386";
				COPY_PHASE_STRIP = NO;
				GCC_DYNAMIC_NO_PIC = NO;
				GCC_ENABLE_FIX_AND_CONTINUE = YES;
				GCC_MODEL_TUNING = G5;
				GCC_OPTIMIZATION_LEVEL = 0;
				GCC_PRECOMPILE_PREFIX_HEADER = YES;
				INFOPLIST_FILE = "Goban-Info.plist";
				INSTALL_PATH = "$(HOME)/Applications";
				OTHER_CFLAGS = "-DDEBUG";
				OTHER_LDFLAGS = (
					"-framework",
					Foundation,
					"-framework",
					AppKit,
				);
				PREBINDING = NO;
				PRODUCT_NAME = Goban;
			};
			name = Development;
		};
		43B8D0860DC05B97001128F3 /* Release */ = {
			isa = XCBuildConfiguration;
			buildSettings = {
				ALWAYS_SEARCH_USER_PATHS = NO;
				ARCHS = "$(ARCHS_STANDARD_32_BIT_PRE_XCODE_3_1)";
				ARCHS_STANDARD_32_BIT_PRE_XCODE_3_1 = "ppc i386";
				COPY_PHASE_STRIP = YES;
				DEBUG_INFORMATION_FORMAT = "dwarf-with-dsym";
				GCC_ENABLE_FIX_AND_CONTINUE = NO;
				GCC_MODEL_TUNING = G5;
				GCC_PRECOMPILE_PREFIX_HEADER = YES;
				INFOPLIST_FILE = "Goban-Info.plist";
				INSTALL_PATH = "$(HOME)/Applications";
				OTHER_LDFLAGS = (
					"-framework",
					Foundation,
					"-framework",
					AppKit,
				);
				PREBINDING = NO;
				PRODUCT_NAME = Goban;
				ZERO_LINK = NO;
			};
			name = Release;
		};
		43CD7D340DBFCD8300644FF2 /* Development */ = {
			isa = XCBuildConfiguration;
			buildSettings = {
			};
			name = Development;
		};
		43CD7D350DBFCD8300644FF2 /* Release */ = {
			isa = XCBuildConfiguration;
			buildSettings = {
			};
			name = Release;
		};
/* End XCBuildConfiguration section */

/* Begin XCConfigurationList section */
		43B8D00E0DC05907001128F3 /* Build configuration list for PBXNativeTarget "GoGame" */ = {
			isa = XCConfigurationList;
			buildConfigurations = (
				43B8D00B0DC05907001128F3 /* Development */,
				43B8D00C0DC05907001128F3 /* Release */,
			);
			defaultConfigurationIsVisible = 0;
			defaultConfigurationName = Development;
		};
		43B8D0870DC05B97001128F3 /* Build configuration list for PBXNativeTarget "Goban" */ = {
			isa = XCConfigurationList;
			buildConfigurations = (
				43B8D0850DC05B97001128F3 /* Development */,
				43B8D0860DC05B97001128F3 /* Release */,
			);
			defaultConfigurationIsVisible = 0;
			defaultConfigurationName = Development;
		};
		43CD7D330DBFCD8300644FF2 /* Build configuration list for PBXProject "Goban" */ = {
			isa = XCConfigurationList;
			buildConfigurations = (
				43CD7D340DBFCD8300644FF2 /* Development */,
				43CD7D350DBFCD8300644FF2 /* Release */,
			);
			defaultConfigurationIsVisible = 0;
			defaultConfigurationName = Development;
		};
/* End XCConfigurationList section */
	};
	rootObject = 2A37F4A9FDCFA73011CA2CEA /* Project object */;
}
